// !$*UTF8*$!
{
	archiveVersion = 1;
	classes = {
	};
	objectVersion = 46;
	objects = {

/* Begin PBXBuildFile section */
		C6C93AC61AAAF35100E98CA1 /* AppDelegate.swift in Sources */ = {isa = PBXBuildFile; fileRef = C6C93AC51AAAF35100E98CA1 /* AppDelegate.swift */; };
		C6C93ACB1AAAF35100E98CA1 /* Main.storyboard in Resources */ = {isa = PBXBuildFile; fileRef = C6C93AC91AAAF35100E98CA1 /* Main.storyboard */; };
		C6C93ACD1AAAF35100E98CA1 /* Images.xcassets in Resources */ = {isa = PBXBuildFile; fileRef = C6C93ACC1AAAF35100E98CA1 /* Images.xcassets */; };
		C6C93AD01AAAF35100E98CA1 /* LaunchScreen.xib in Resources */ = {isa = PBXBuildFile; fileRef = C6C93ACE1AAAF35100E98CA1 /* LaunchScreen.xib */; };
		C6C93ADC1AAAF35100E98CA1 /* Week5Day1Session2Tests.swift in Sources */ = {isa = PBXBuildFile; fileRef = C6C93ADB1AAAF35100E98CA1 /* Week5Day1Session2Tests.swift */; };
		C6C93AE81AAAF3F300E98CA1 /* UniversitiesViewController.swift in Sources */ = {isa = PBXBuildFile; fileRef = C6C93AE71AAAF3F300E98CA1 /* UniversitiesViewController.swift */; };
		C6C93AEC1AAAF43C00E98CA1 /* University.swift in Sources */ = {isa = PBXBuildFile; fileRef = C6C93AEB1AAAF43C00E98CA1 /* University.swift */; };
		C6C93AEF1AAAF54300E98CA1 /* UniversityCell.swift in Sources */ = {isa = PBXBuildFile; fileRef = C6C93AEE1AAAF54300E98CA1 /* UniversityCell.swift */; };
		C6C93AF21AAAFE7A00E98CA1 /* UniversityDetailViewController.swift in Sources */ = {isa = PBXBuildFile; fileRef = C6C93AF11AAAFE7A00E98CA1 /* UniversityDetailViewController.swift */; };
/* End PBXBuildFile section */

/* Begin PBXContainerItemProxy section */
		C6C93AD61AAAF35100E98CA1 /* PBXContainerItemProxy */ = {
			isa = PBXContainerItemProxy;
			containerPortal = C6C93AB81AAAF35100E98CA1 /* Project object */;
			proxyType = 1;
			remoteGlobalIDString = C6C93ABF1AAAF35100E98CA1;
			remoteInfo = Week5Day1Session2;
		};
/* End PBXContainerItemProxy section */

/* Begin PBXFileReference section */
		C6C93AC01AAAF35100E98CA1 /* Week5Day1Session2.app */ = {isa = PBXFileReference; explicitFileType = wrapper.application; includeInIndex = 0; path = Week5Day1Session2.app; sourceTree = BUILT_PRODUCTS_DIR; };
		C6C93AC41AAAF35100E98CA1 /* Info.plist */ = {isa = PBXFileReference; lastKnownFileType = text.plist.xml; path = Info.plist; sourceTree = "<group>"; };
		C6C93AC51AAAF35100E98CA1 /* AppDelegate.swift */ = {isa = PBXFileReference; lastKnownFileType = sourcecode.swift; path = AppDelegate.swift; sourceTree = "<group>"; };
		C6C93ACA1AAAF35100E98CA1 /* Base */ = {isa = PBXFileReference; lastKnownFileType = file.storyboard; name = Base; path = Base.lproj/Main.storyboard; sourceTree = "<group>"; };
		C6C93ACC1AAAF35100E98CA1 /* Images.xcassets */ = {isa = PBXFileReference; lastKnownFileType = folder.assetcatalog; path = Images.xcassets; sourceTree = "<group>"; };
		C6C93ACF1AAAF35100E98CA1 /* Base */ = {isa = PBXFileReference; lastKnownFileType = file.xib; name = Base; path = Base.lproj/LaunchScreen.xib; sourceTree = "<group>"; };
		C6C93AD51AAAF35100E98CA1 /* Week5Day1Session2Tests.xctest */ = {isa = PBXFileReference; explicitFileType = wrapper.cfbundle; includeInIndex = 0; path = Week5Day1Session2Tests.xctest; sourceTree = BUILT_PRODUCTS_DIR; };
		C6C93ADA1AAAF35100E98CA1 /* Info.plist */ = {isa = PBXFileReference; lastKnownFileType = text.plist.xml; path = Info.plist; sourceTree = "<group>"; };
		C6C93ADB1AAAF35100E98CA1 /* Week5Day1Session2Tests.swift */ = {isa = PBXFileReference; lastKnownFileType = sourcecode.swift; path = Week5Day1Session2Tests.swift; sourceTree = "<group>"; };
		C6C93AE71AAAF3F300E98CA1 /* UniversitiesViewController.swift */ = {isa = PBXFileReference; fileEncoding = 4; lastKnownFileType = sourcecode.swift; path = UniversitiesViewController.swift; sourceTree = "<group>"; };
		C6C93AEB1AAAF43C00E98CA1 /* University.swift */ = {isa = PBXFileReference; fileEncoding = 4; lastKnownFileType = sourcecode.swift; path = University.swift; sourceTree = "<group>"; };
		C6C93AEE1AAAF54300E98CA1 /* UniversityCell.swift */ = {isa = PBXFileReference; fileEncoding = 4; lastKnownFileType = sourcecode.swift; path = UniversityCell.swift; sourceTree = "<group>"; };
		C6C93AF11AAAFE7A00E98CA1 /* UniversityDetailViewController.swift */ = {isa = PBXFileReference; fileEncoding = 4; lastKnownFileType = sourcecode.swift; path = UniversityDetailViewController.swift; sourceTree = "<group>"; };
/* End PBXFileReference section */

/* Begin PBXFrameworksBuildPhase section */
		C6C93ABD1AAAF35100E98CA1 /* Frameworks */ = {
			isa = PBXFrameworksBuildPhase;
			buildActionMask = 2147483647;
			files = (
			);
			runOnlyForDeploymentPostprocessing = 0;
		};
		C6C93AD21AAAF35100E98CA1 /* Frameworks */ = {
			isa = PBXFrameworksBuildPhase;
			buildActionMask = 2147483647;
			files = (
			);
			runOnlyForDeploymentPostprocessing = 0;
		};
/* End PBXFrameworksBuildPhase section */

/* Begin PBXGroup section */
		C6C93AB71AAAF35100E98CA1 = {
			isa = PBXGroup;
			children = (
				C6C93AC21AAAF35100E98CA1 /* Week5Day1Session2 */,
				C6C93AD81AAAF35100E98CA1 /* Week5Day1Session2Tests */,
				C6C93AC11AAAF35100E98CA1 /* Products */,
			);
			sourceTree = "<group>";
		};
		C6C93AC11AAAF35100E98CA1 /* Products */ = {
			isa = PBXGroup;
			children = (
				C6C93AC01AAAF35100E98CA1 /* Week5Day1Session2.app */,
				C6C93AD51AAAF35100E98CA1 /* Week5Day1Session2Tests.xctest */,
			);
			name = Products;
			sourceTree = "<group>";
		};
		C6C93AC21AAAF35100E98CA1 /* Week5Day1Session2 */ = {
			isa = PBXGroup;
			children = (
				C6C93AC51AAAF35100E98CA1 /* AppDelegate.swift */,
				C6C93AE91AAAF43C00E98CA1 /* Models */,
				C6C93AE51AAAF3DD00E98CA1 /* Classes */,
				C6C93AC91AAAF35100E98CA1 /* Main.storyboard */,
				C6C93ACC1AAAF35100E98CA1 /* Images.xcassets */,
				C6C93ACE1AAAF35100E98CA1 /* LaunchScreen.xib */,
				C6C93AC31AAAF35100E98CA1 /* Supporting Files */,
			);
			path = Week5Day1Session2;
			sourceTree = "<group>";
		};
		C6C93AC31AAAF35100E98CA1 /* Supporting Files */ = {
			isa = PBXGroup;
			children = (
				C6C93AC41AAAF35100E98CA1 /* Info.plist */,
			);
			name = "Supporting Files";
			sourceTree = "<group>";
		};
		C6C93AD81AAAF35100E98CA1 /* Week5Day1Session2Tests */ = {
			isa = PBXGroup;
			children = (
				C6C93ADB1AAAF35100E98CA1 /* Week5Day1Session2Tests.swift */,
				C6C93AD91AAAF35100E98CA1 /* Supporting Files */,
			);
			path = Week5Day1Session2Tests;
			sourceTree = "<group>";
		};
		C6C93AD91AAAF35100E98CA1 /* Supporting Files */ = {
			isa = PBXGroup;
			children = (
				C6C93ADA1AAAF35100E98CA1 /* Info.plist */,
			);
			name = "Supporting Files";
			sourceTree = "<group>";
		};
		C6C93AE51AAAF3DD00E98CA1 /* Classes */ = {
			isa = PBXGroup;
			children = (
				C6C93AF01AAAFE6100E98CA1 /* UniversityDetailViewController */,
				C6C93AE61AAAF3DD00E98CA1 /* UniversitiesViewController */,
			);
			path = Classes;
			sourceTree = "<group>";
		};
		C6C93AE61AAAF3DD00E98CA1 /* UniversitiesViewController */ = {
			isa = PBXGroup;
			children = (
				C6C93AED1AAAF51400E98CA1 /* UniversityCell */,
				C6C93AE71AAAF3F300E98CA1 /* UniversitiesViewController.swift */,
			);
			path = UniversitiesViewController;
			sourceTree = "<group>";
		};
		C6C93AE91AAAF43C00E98CA1 /* Models */ = {
			isa = PBXGroup;
			children = (
				C6C93AEA1AAAF43C00E98CA1 /* University */,
			);
			path = Models;
			sourceTree = "<group>";
		};
		C6C93AEA1AAAF43C00E98CA1 /* University */ = {
			isa = PBXGroup;
			children = (
				C6C93AEB1AAAF43C00E98CA1 /* University.swift */,
			);
			path = University;
			sourceTree = "<group>";
		};
		C6C93AED1AAAF51400E98CA1 /* UniversityCell */ = {
			isa = PBXGroup;
			children = (
				C6C93AEE1AAAF54300E98CA1 /* UniversityCell.swift */,
			);
			path = UniversityCell;
			sourceTree = "<group>";
		};
		C6C93AF01AAAFE6100E98CA1 /* UniversityDetailViewController */ = {
			isa = PBXGroup;
			children = (
				C6C93AF11AAAFE7A00E98CA1 /* UniversityDetailViewController.swift */,
			);
			path = UniversityDetailViewController;
			sourceTree = "<group>";
		};
/* End PBXGroup section */

/* Begin PBXNativeTarget section */
		C6C93ABF1AAAF35100E98CA1 /* Week5Day1Session2 */ = {
			isa = PBXNativeTarget;
			buildConfigurationList = C6C93ADF1AAAF35100E98CA1 /* Build configuration list for PBXNativeTarget "Week5Day1Session2" */;
			buildPhases = (
				C6C93ABC1AAAF35100E98CA1 /* Sources */,
				C6C93ABD1AAAF35100E98CA1 /* Frameworks */,
				C6C93ABE1AAAF35100E98CA1 /* Resources */,
			);
			buildRules = (
			);
			dependencies = (
			);
			name = Week5Day1Session2;
			productName = Week5Day1Session2;
			productReference = C6C93AC01AAAF35100E98CA1 /* Week5Day1Session2.app */;
			productType = "com.apple.product-type.application";
		};
		C6C93AD41AAAF35100E98CA1 /* Week5Day1Session2Tests */ = {
			isa = PBXNativeTarget;
			buildConfigurationList = C6C93AE21AAAF35100E98CA1 /* Build configuration list for PBXNativeTarget "Week5Day1Session2Tests" */;
			buildPhases = (
				C6C93AD11AAAF35100E98CA1 /* Sources */,
				C6C93AD21AAAF35100E98CA1 /* Frameworks */,
				C6C93AD31AAAF35100E98CA1 /* Resources */,
			);
			buildRules = (
			);
			dependencies = (
				C6C93AD71AAAF35100E98CA1 /* PBXTargetDependency */,
			);
			name = Week5Day1Session2Tests;
			productName = Week5Day1Session2Tests;
			productReference = C6C93AD51AAAF35100E98CA1 /* Week5Day1Session2Tests.xctest */;
			productType = "com.apple.product-type.bundle.unit-test";
		};
/* End PBXNativeTarget section */

/* Begin PBXProject section */
		C6C93AB81AAAF35100E98CA1 /* Project object */ = {
			isa = PBXProject;
			attributes = {
				LastUpgradeCheck = 0610;
				ORGANIZATIONNAME = "Hasan Soysal";
				TargetAttributes = {
					C6C93ABF1AAAF35100E98CA1 = {
						CreatedOnToolsVersion = 6.1.1;
					};
					C6C93AD41AAAF35100E98CA1 = {
						CreatedOnToolsVersion = 6.1.1;
						TestTargetID = C6C93ABF1AAAF35100E98CA1;
					};
				};
			};
			buildConfigurationList = C6C93ABB1AAAF35100E98CA1 /* Build configuration list for PBXProject "Week5Day1Session2" */;
			compatibilityVersion = "Xcode 3.2";
			developmentRegion = English;
			hasScannedForEncodings = 0;
			knownRegions = (
				en,
				Base,
			);
			mainGroup = C6C93AB71AAAF35100E98CA1;
			productRefGroup = C6C93AC11AAAF35100E98CA1 /* Products */;
			projectDirPath = "";
			projectRoot = "";
			targets = (
				C6C93ABF1AAAF35100E98CA1 /* Week5Day1Session2 */,
				C6C93AD41AAAF35100E98CA1 /* Week5Day1Session2Tests */,
			);
		};
/* End PBXProject section */

/* Begin PBXResourcesBuildPhase section */
		C6C93ABE1AAAF35100E98CA1 /* Resources */ = {
			isa = PBXResourcesBuildPhase;
			buildActionMask = 2147483647;
			files = (
				C6C93ACB1AAAF35100E98CA1 /* Main.storyboard in Resources */,
				C6C93AD01AAAF35100E98CA1 /* LaunchScreen.xib in Resources */,
				C6C93ACD1AAAF35100E98CA1 /* Images.xcassets in Resources */,
			);
			runOnlyForDeploymentPostprocessing = 0;
		};
		C6C93AD31AAAF35100E98CA1 /* Resources */ = {
			isa = PBXResourcesBuildPhase;
			buildActionMask = 2147483647;
			files = (
			);
			runOnlyForDeploymentPostprocessing = 0;
		};
/* End PBXResourcesBuildPhase section */

/* Begin PBXSourcesBuildPhase section */
		C6C93ABC1AAAF35100E98CA1 /* Sources */ = {
			isa = PBXSourcesBuildPhase;
			buildActionMask = 2147483647;
			files = (
				C6C93AE81AAAF3F300E98CA1 /* UniversitiesViewController.swift in Sources */,
				C6C93AEF1AAAF54300E98CA1 /* UniversityCell.swift in Sources */,
				C6C93AC61AAAF35100E98CA1 /* AppDelegate.swift in Sources */,
				C6C93AEC1AAAF43C00E98CA1 /* University.swift in Sources */,
				C6C93AF21AAAFE7A00E98CA1 /* UniversityDetailViewController.swift in Sources */,
			);
			runOnlyForDeploymentPostprocessing = 0;
		};
		C6C93AD11AAAF35100E98CA1 /* Sources */ = {
			isa = PBXSourcesBuildPhase;
			buildActionMask = 2147483647;
			files = (
				C6C93ADC1AAAF35100E98CA1 /* Week5Day1Session2Tests.swift in Sources */,
			);
			runOnlyForDeploymentPostprocessing = 0;
		};
/* End PBXSourcesBuildPhase section */

/* Begin PBXTargetDependency section */
		C6C93AD71AAAF35100E98CA1 /* PBXTargetDependency */ = {
			isa = PBXTargetDependency;
			target = C6C93ABF1AAAF35100E98CA1 /* Week5Day1Session2 */;
			targetProxy = C6C93AD61AAAF35100E98CA1 /* PBXContainerItemProxy */;
		};
/* End PBXTargetDependency section */

/* Begin PBXVariantGroup section */
		C6C93AC91AAAF35100E98CA1 /* Main.storyboard */ = {
			isa = PBXVariantGroup;
			children = (
				C6C93ACA1AAAF35100E98CA1 /* Base */,
			);
			name = Main.storyboard;
			sourceTree = "<group>";
		};
		C6C93ACE1AAAF35100E98CA1 /* LaunchScreen.xib */ = {
			isa = PBXVariantGroup;
			children = (
				C6C93ACF1AAAF35100E98CA1 /* Base */,
			);
			name = LaunchScreen.xib;
			sourceTree = "<group>";
		};
/* End PBXVariantGroup section */

/* Begin XCBuildConfiguration section */
		C6C93ADD1AAAF35100E98CA1 /* Debug */ = {
			isa = XCBuildConfiguration;
			buildSettings = {
				ALWAYS_SEARCH_USER_PATHS = NO;
				CLANG_CXX_LANGUAGE_STANDARD = "gnu++0x";
				CLANG_CXX_LIBRARY = "libc++";
				CLANG_ENABLE_MODULES = YES;
				CLANG_ENABLE_OBJC_ARC = YES;
				CLANG_WARN_BOOL_CONVERSION = YES;
				CLANG_WARN_CONSTANT_CONVERSION = YES;
				CLANG_WARN_DIRECT_OBJC_ISA_USAGE = YES_ERROR;
				CLANG_WARN_EMPTY_BODY = YES;
				CLANG_WARN_ENUM_CONVERSION = YES;
				CLANG_WARN_INT_CONVERSION = YES;
				CLANG_WARN_OBJC_ROOT_CLASS = YES_ERROR;
				CLANG_WARN_UNREACHABLE_CODE = YES;
				CLANG_WARN__DUPLICATE_METHOD_MATCH = YES;
				"CODE_SIGN_IDENTITY[sdk=iphoneos*]" = "iPhone Developer";
				COPY_PHASE_STRIP = NO;
				ENABLE_STRICT_OBJC_MSGSEND = YES;
				GCC_C_LANGUAGE_STANDARD = gnu99;
				GCC_DYNAMIC_NO_PIC = NO;
				GCC_OPTIMIZATION_LEVEL = 0;
				GCC_PREPROCESSOR_DEFINITIONS = (
					"DEBUG=1",
					"$(inherited)",
				);
				GCC_SYMBOLS_PRIVATE_EXTERN = NO;
				GCC_WARN_64_TO_32_BIT_CONVERSION = YES;
				GCC_WARN_ABOUT_RETURN_TYPE = YES_ERROR;
				GCC_WARN_UNDECLARED_SELECTOR = YES;
				GCC_WARN_UNINITIALIZED_AUTOS = YES_AGGRESSIVE;
				GCC_WARN_UNUSED_FUNCTION = YES;
				GCC_WARN_UNUSED_VARIABLE = YES;
				IPHONEOS_DEPLOYMENT_TARGET = 8.1;
				MTL_ENABLE_DEBUG_INFO = YES;
				ONLY_ACTIVE_ARCH = YES;
				SDKROOT = iphoneos;
				SWIFT_OPTIMIZATION_LEVEL = "-Onone";
			};
			name = Debug;
		};
		C6C93ADE1AAAF35100E98CA1 /* Release */ = {
			isa = XCBuildConfiguration;
			buildSettings = {
				ALWAYS_SEARCH_USER_PATHS = NO;
				CLANG_CXX_LANGUAGE_STANDARD = "gnu++0x";
				CLANG_CXX_LIBRARY = "libc++";
				CLANG_ENABLE_MODULES = YES;
				CLANG_ENABLE_OBJC_ARC = YES;
				CLANG_WARN_BOOL_CONVERSION = YES;
				CLANG_WARN_CONSTANT_CONVERSION = YES;
				CLANG_WARN_DIRECT_OBJC_ISA_USAGE = YES_ERROR;
				CLANG_WARN_EMPTY_BODY = YES;
				CLANG_WARN_ENUM_CONVERSION = YES;
				CLANG_WARN_INT_CONVERSION = YES;
				CLANG_WARN_OBJC_ROOT_CLASS = YES_ERROR;
				CLANG_WARN_UNREACHABLE_CODE = YES;
				CLANG_WARN__DUPLICATE_METHOD_MATCH = YES;
				"CODE_SIGN_IDENTITY[sdk=iphoneos*]" = "iPhone Developer";
				COPY_PHASE_STRIP = YES;
				ENABLE_NS_ASSERTIONS = NO;
				ENABLE_STRICT_OBJC_MSGSEND = YES;
				GCC_C_LANGUAGE_STANDARD = gnu99;
				GCC_WARN_64_TO_32_BIT_CONVERSION = YES;
				GCC_WARN_ABOUT_RETURN_TYPE = YES_ERROR;
				GCC_WARN_UNDECLARED_SELECTOR = YES;
				GCC_WARN_UNINITIALIZED_AUTOS = YES_AGGRESSIVE;
				GCC_WARN_UNUSED_FUNCTION = YES;
				GCC_WARN_UNUSED_VARIABLE = YES;
				IPHONEOS_DEPLOYMENT_TARGET = 8.1;
				MTL_ENABLE_DEBUG_INFO = NO;
				SDKROOT = iphoneos;
				VALIDATE_PRODUCT = YES;
			};
			name = Release;
		};
		C6C93AE01AAAF35100E98CA1 /* Debug */ = {
			isa = XCBuildConfiguration;
			buildSettings = {
				ASSETCATALOG_COMPILER_APPICON_NAME = AppIcon;
				INFOPLIST_FILE = Week5Day1Session2/Info.plist;
				LD_RUNPATH_SEARCH_PATHS = "$(inherited) @executable_path/Frameworks";
				PRODUCT_NAME = "$(TARGET_NAME)";
			};
			name = Debug;
		};
		C6C93AE11AAAF35100E98CA1 /* Release */ = {
			isa = XCBuildConfiguration;
			buildSettings = {
				ASSETCATALOG_COMPILER_APPICON_NAME = AppIcon;
				INFOPLIST_FILE = Week5Day1Session2/Info.plist;
				LD_RUNPATH_SEARCH_PATHS = "$(inherited) @executable_path/Frameworks";
				PRODUCT_NAME = "$(TARGET_NAME)";
			};
			name = Release;
		};
		C6C93AE31AAAF35100E98CA1 /* Debug */ = {
			isa = XCBuildConfiguration;
			buildSettings = {
				BUNDLE_LOADER = "$(TEST_HOST)";
				FRAMEWORK_SEARCH_PATHS = (
					"$(SDKROOT)/Developer/Library/Frameworks",
					"$(inherited)",
				);
				GCC_PREPROCESSOR_DEFINITIONS = (
					"DEBUG=1",
					"$(inherited)",
				);
				INFOPLIST_FILE = Week5Day1Session2Tests/Info.plist;
				LD_RUNPATH_SEARCH_PATHS = "$(inherited) @executable_path/Frameworks @loader_path/Frameworks";
				PRODUCT_NAME = "$(TARGET_NAME)";
				TEST_HOST = "$(BUILT_PRODUCTS_DIR)/Week5Day1Session2.app/Week5Day1Session2";
			};
			name = Debug;
		};
		C6C93AE41AAAF35100E98CA1 /* Release */ = {
			isa = XCBuildConfiguration;
			buildSettings = {
				BUNDLE_LOADER = "$(TEST_HOST)";
				FRAMEWORK_SEARCH_PATHS = (
					"$(SDKROOT)/Developer/Library/Frameworks",
					"$(inherited)",
				);
				INFOPLIST_FILE = Week5Day1Session2Tests/Info.plist;
				LD_RUNPATH_SEARCH_PATHS = "$(inherited) @executable_path/Frameworks @loader_path/Frameworks";
				PRODUCT_NAME = "$(TARGET_NAME)";
				TEST_HOST = "$(BUILT_PRODUCTS_DIR)/Week5Day1Session2.app/Week5Day1Session2";
			};
			name = Release;
		};
/* End XCBuildConfiguration section */

/* Begin XCConfigurationList section */
		C6C93ABB1AAAF35100E98CA1 /* Build configuration list for PBXProject "Week5Day1Session2" */ = {
			isa = XCConfigurationList;
			buildConfigurations = (
				C6C93ADD1AAAF35100E98CA1 /* Debug */,
				C6C93ADE1AAAF35100E98CA1 /* Release */,
			);
			defaultConfigurationIsVisible = 0;
			defaultConfigurationName = Release;
		};
		C6C93ADF1AAAF35100E98CA1 /* Build configuration list for PBXNativeTarget "Week5Day1Session2" */ = {
			isa = XCConfigurationList;
			buildConfigurations = (
				C6C93AE01AAAF35100E98CA1 /* Debug */,
				C6C93AE11AAAF35100E98CA1 /* Release */,
			);
			defaultConfigurationIsVisible = 0;
		};
		C6C93AE21AAAF35100E98CA1 /* Build configuration list for PBXNativeTarget "Week5Day1Session2Tests" */ = {
			isa = XCConfigurationList;
			buildConfigurations = (
				C6C93AE31AAAF35100E98CA1 /* Debug */,
				C6C93AE41AAAF35100E98CA1 /* Release */,
			);
			defaultConfigurationIsVisible = 0;
		};
/* End XCConfigurationList section */
	};
	rootObject = C6C93AB81AAAF35100E98CA1 /* Project object */;
}
