// !$*UTF8*$!
{
	archiveVersion = 1;
	classes = {
	};
	objectVersion = 46;
	objects = {

/* Begin PBXBuildFile section */
		C6FDE32F1AA2F52B00875617 /* AppDelegate.swift in Sources */ = {isa = PBXBuildFile; fileRef = C6FDE32E1AA2F52B00875617 /* AppDelegate.swift */; };
		C6FDE3341AA2F52B00875617 /* Main.storyboard in Resources */ = {isa = PBXBuildFile; fileRef = C6FDE3321AA2F52B00875617 /* Main.storyboard */; };
		C6FDE3361AA2F52B00875617 /* Images.xcassets in Resources */ = {isa = PBXBuildFile; fileRef = C6FDE3351AA2F52B00875617 /* Images.xcassets */; };
		C6FDE3391AA2F52B00875617 /* LaunchScreen.xib in Resources */ = {isa = PBXBuildFile; fileRef = C6FDE3371AA2F52B00875617 /* LaunchScreen.xib */; };
		C6FDE3451AA2F52B00875617 /* Week4Day2Session1Tests.swift in Sources */ = {isa = PBXBuildFile; fileRef = C6FDE3441AA2F52B00875617 /* Week4Day2Session1Tests.swift */; };
		C6FDE3511AA2FA9A00875617 /* LoginViewController.swift in Sources */ = {isa = PBXBuildFile; fileRef = C6FDE3501AA2FA9A00875617 /* LoginViewController.swift */; };
		C6FDE3551AA2FB0C00875617 /* User.swift in Sources */ = {isa = PBXBuildFile; fileRef = C6FDE3541AA2FB0C00875617 /* User.swift */; };
		C6FDE3581AA2FF8900875617 /* ProfileViewController.swift in Sources */ = {isa = PBXBuildFile; fileRef = C6FDE3571AA2FF8900875617 /* ProfileViewController.swift */; };
/* End PBXBuildFile section */

/* Begin PBXContainerItemProxy section */
		C6FDE33F1AA2F52B00875617 /* PBXContainerItemProxy */ = {
			isa = PBXContainerItemProxy;
			containerPortal = C6FDE3211AA2F52B00875617 /* Project object */;
			proxyType = 1;
			remoteGlobalIDString = C6FDE3281AA2F52B00875617;
			remoteInfo = Week4Day2Session1;
		};
/* End PBXContainerItemProxy section */

/* Begin PBXFileReference section */
		C6FDE3291AA2F52B00875617 /* Week4Day2Session1.app */ = {isa = PBXFileReference; explicitFileType = wrapper.application; includeInIndex = 0; path = Week4Day2Session1.app; sourceTree = BUILT_PRODUCTS_DIR; };
		C6FDE32D1AA2F52B00875617 /* Info.plist */ = {isa = PBXFileReference; lastKnownFileType = text.plist.xml; path = Info.plist; sourceTree = "<group>"; };
		C6FDE32E1AA2F52B00875617 /* AppDelegate.swift */ = {isa = PBXFileReference; lastKnownFileType = sourcecode.swift; path = AppDelegate.swift; sourceTree = "<group>"; };
		C6FDE3331AA2F52B00875617 /* Base */ = {isa = PBXFileReference; lastKnownFileType = file.storyboard; name = Base; path = Base.lproj/Main.storyboard; sourceTree = "<group>"; };
		C6FDE3351AA2F52B00875617 /* Images.xcassets */ = {isa = PBXFileReference; lastKnownFileType = folder.assetcatalog; path = Images.xcassets; sourceTree = "<group>"; };
		C6FDE3381AA2F52B00875617 /* Base */ = {isa = PBXFileReference; lastKnownFileType = file.xib; name = Base; path = Base.lproj/LaunchScreen.xib; sourceTree = "<group>"; };
		C6FDE33E1AA2F52B00875617 /* Week4Day2Session1Tests.xctest */ = {isa = PBXFileReference; explicitFileType = wrapper.cfbundle; includeInIndex = 0; path = Week4Day2Session1Tests.xctest; sourceTree = BUILT_PRODUCTS_DIR; };
		C6FDE3431AA2F52B00875617 /* Info.plist */ = {isa = PBXFileReference; lastKnownFileType = text.plist.xml; path = Info.plist; sourceTree = "<group>"; };
		C6FDE3441AA2F52B00875617 /* Week4Day2Session1Tests.swift */ = {isa = PBXFileReference; lastKnownFileType = sourcecode.swift; path = Week4Day2Session1Tests.swift; sourceTree = "<group>"; };
		C6FDE3501AA2FA9A00875617 /* LoginViewController.swift */ = {isa = PBXFileReference; fileEncoding = 4; lastKnownFileType = sourcecode.swift; path = LoginViewController.swift; sourceTree = "<group>"; };
		C6FDE3541AA2FB0C00875617 /* User.swift */ = {isa = PBXFileReference; fileEncoding = 4; lastKnownFileType = sourcecode.swift; path = User.swift; sourceTree = "<group>"; };
		C6FDE3571AA2FF8900875617 /* ProfileViewController.swift */ = {isa = PBXFileReference; fileEncoding = 4; lastKnownFileType = sourcecode.swift; path = ProfileViewController.swift; sourceTree = "<group>"; };
/* End PBXFileReference section */

/* Begin PBXFrameworksBuildPhase section */
		C6FDE3261AA2F52B00875617 /* Frameworks */ = {
			isa = PBXFrameworksBuildPhase;
			buildActionMask = 2147483647;
			files = (
			);
			runOnlyForDeploymentPostprocessing = 0;
		};
		C6FDE33B1AA2F52B00875617 /* Frameworks */ = {
			isa = PBXFrameworksBuildPhase;
			buildActionMask = 2147483647;
			files = (
			);
			runOnlyForDeploymentPostprocessing = 0;
		};
/* End PBXFrameworksBuildPhase section */

/* Begin PBXGroup section */
		C6FDE3201AA2F52B00875617 = {
			isa = PBXGroup;
			children = (
				C6FDE32B1AA2F52B00875617 /* Week4Day2Session1 */,
				C6FDE3411AA2F52B00875617 /* Week4Day2Session1Tests */,
				C6FDE32A1AA2F52B00875617 /* Products */,
			);
			sourceTree = "<group>";
		};
		C6FDE32A1AA2F52B00875617 /* Products */ = {
			isa = PBXGroup;
			children = (
				C6FDE3291AA2F52B00875617 /* Week4Day2Session1.app */,
				C6FDE33E1AA2F52B00875617 /* Week4Day2Session1Tests.xctest */,
			);
			name = Products;
			sourceTree = "<group>";
		};
		C6FDE32B1AA2F52B00875617 /* Week4Day2Session1 */ = {
			isa = PBXGroup;
			children = (
				C6FDE32E1AA2F52B00875617 /* AppDelegate.swift */,
				C6FDE34E1AA2FA5700875617 /* Classes */,
				C6FDE3521AA2FAF100875617 /* Models */,
				C6FDE3321AA2F52B00875617 /* Main.storyboard */,
				C6FDE3351AA2F52B00875617 /* Images.xcassets */,
				C6FDE3371AA2F52B00875617 /* LaunchScreen.xib */,
				C6FDE32C1AA2F52B00875617 /* Supporting Files */,
			);
			path = Week4Day2Session1;
			sourceTree = "<group>";
		};
		C6FDE32C1AA2F52B00875617 /* Supporting Files */ = {
			isa = PBXGroup;
			children = (
				C6FDE32D1AA2F52B00875617 /* Info.plist */,
			);
			name = "Supporting Files";
			sourceTree = "<group>";
		};
		C6FDE3411AA2F52B00875617 /* Week4Day2Session1Tests */ = {
			isa = PBXGroup;
			children = (
				C6FDE3441AA2F52B00875617 /* Week4Day2Session1Tests.swift */,
				C6FDE3421AA2F52B00875617 /* Supporting Files */,
			);
			path = Week4Day2Session1Tests;
			sourceTree = "<group>";
		};
		C6FDE3421AA2F52B00875617 /* Supporting Files */ = {
			isa = PBXGroup;
			children = (
				C6FDE3431AA2F52B00875617 /* Info.plist */,
			);
			name = "Supporting Files";
			sourceTree = "<group>";
		};
		C6FDE34E1AA2FA5700875617 /* Classes */ = {
			isa = PBXGroup;
			children = (
				C6FDE3561AA2FEFC00875617 /* ProfileViewController */,
				C6FDE34F1AA2FA5700875617 /* LoginViewController */,
			);
			path = Classes;
			sourceTree = "<group>";
		};
		C6FDE34F1AA2FA5700875617 /* LoginViewController */ = {
			isa = PBXGroup;
			children = (
				C6FDE3501AA2FA9A00875617 /* LoginViewController.swift */,
			);
			path = LoginViewController;
			sourceTree = "<group>";
		};
		C6FDE3521AA2FAF100875617 /* Models */ = {
			isa = PBXGroup;
			children = (
				C6FDE3531AA2FAF100875617 /* User */,
			);
			path = Models;
			sourceTree = "<group>";
		};
		C6FDE3531AA2FAF100875617 /* User */ = {
			isa = PBXGroup;
			children = (
				C6FDE3541AA2FB0C00875617 /* User.swift */,
			);
			path = User;
			sourceTree = "<group>";
		};
		C6FDE3561AA2FEFC00875617 /* ProfileViewController */ = {
			isa = PBXGroup;
			children = (
				C6FDE3571AA2FF8900875617 /* ProfileViewController.swift */,
			);
			path = ProfileViewController;
			sourceTree = "<group>";
		};
/* End PBXGroup section */

/* Begin PBXNativeTarget section */
		C6FDE3281AA2F52B00875617 /* Week4Day2Session1 */ = {
			isa = PBXNativeTarget;
			buildConfigurationList = C6FDE3481AA2F52B00875617 /* Build configuration list for PBXNativeTarget "Week4Day2Session1" */;
			buildPhases = (
				C6FDE3251AA2F52B00875617 /* Sources */,
				C6FDE3261AA2F52B00875617 /* Frameworks */,
				C6FDE3271AA2F52B00875617 /* Resources */,
			);
			buildRules = (
			);
			dependencies = (
			);
			name = Week4Day2Session1;
			productName = Week4Day2Session1;
			productReference = C6FDE3291AA2F52B00875617 /* Week4Day2Session1.app */;
			productType = "com.apple.product-type.application";
		};
		C6FDE33D1AA2F52B00875617 /* Week4Day2Session1Tests */ = {
			isa = PBXNativeTarget;
			buildConfigurationList = C6FDE34B1AA2F52B00875617 /* Build configuration list for PBXNativeTarget "Week4Day2Session1Tests" */;
			buildPhases = (
				C6FDE33A1AA2F52B00875617 /* Sources */,
				C6FDE33B1AA2F52B00875617 /* Frameworks */,
				C6FDE33C1AA2F52B00875617 /* Resources */,
			);
			buildRules = (
			);
			dependencies = (
				C6FDE3401AA2F52B00875617 /* PBXTargetDependency */,
			);
			name = Week4Day2Session1Tests;
			productName = Week4Day2Session1Tests;
			productReference = C6FDE33E1AA2F52B00875617 /* Week4Day2Session1Tests.xctest */;
			productType = "com.apple.product-type.bundle.unit-test";
		};
/* End PBXNativeTarget section */

/* Begin PBXProject section */
		C6FDE3211AA2F52B00875617 /* Project object */ = {
			isa = PBXProject;
			attributes = {
				LastUpgradeCheck = 0620;
				ORGANIZATIONNAME = "Hasan Soysal";
				TargetAttributes = {
					C6FDE3281AA2F52B00875617 = {
						CreatedOnToolsVersion = 6.2;
					};
					C6FDE33D1AA2F52B00875617 = {
						CreatedOnToolsVersion = 6.2;
						TestTargetID = C6FDE3281AA2F52B00875617;
					};
				};
			};
			buildConfigurationList = C6FDE3241AA2F52B00875617 /* Build configuration list for PBXProject "Week4Day2Session1" */;
			compatibilityVersion = "Xcode 3.2";
			developmentRegion = English;
			hasScannedForEncodings = 0;
			knownRegions = (
				en,
				Base,
			);
			mainGroup = C6FDE3201AA2F52B00875617;
			productRefGroup = C6FDE32A1AA2F52B00875617 /* Products */;
			projectDirPath = "";
			projectRoot = "";
			targets = (
				C6FDE3281AA2F52B00875617 /* Week4Day2Session1 */,
				C6FDE33D1AA2F52B00875617 /* Week4Day2Session1Tests */,
			);
		};
/* End PBXProject section */

/* Begin PBXResourcesBuildPhase section */
		C6FDE3271AA2F52B00875617 /* Resources */ = {
			isa = PBXResourcesBuildPhase;
			buildActionMask = 2147483647;
			files = (
				C6FDE3341AA2F52B00875617 /* Main.storyboard in Resources */,
				C6FDE3391AA2F52B00875617 /* LaunchScreen.xib in Resources */,
				C6FDE3361AA2F52B00875617 /* Images.xcassets in Resources */,
			);
			runOnlyForDeploymentPostprocessing = 0;
		};
		C6FDE33C1AA2F52B00875617 /* Resources */ = {
			isa = PBXResourcesBuildPhase;
			buildActionMask = 2147483647;
			files = (
			);
			runOnlyForDeploymentPostprocessing = 0;
		};
/* End PBXResourcesBuildPhase section */

/* Begin PBXSourcesBuildPhase section */
		C6FDE3251AA2F52B00875617 /* Sources */ = {
			isa = PBXSourcesBuildPhase;
			buildActionMask = 2147483647;
			files = (
				C6FDE3511AA2FA9A00875617 /* LoginViewController.swift in Sources */,
				C6FDE32F1AA2F52B00875617 /* AppDelegate.swift in Sources */,
				C6FDE3581AA2FF8900875617 /* ProfileViewController.swift in Sources */,
				C6FDE3551AA2FB0C00875617 /* User.swift in Sources */,
			);
			runOnlyForDeploymentPostprocessing = 0;
		};
		C6FDE33A1AA2F52B00875617 /* Sources */ = {
			isa = PBXSourcesBuildPhase;
			buildActionMask = 2147483647;
			files = (
				C6FDE3451AA2F52B00875617 /* Week4Day2Session1Tests.swift in Sources */,
			);
			runOnlyForDeploymentPostprocessing = 0;
		};
/* End PBXSourcesBuildPhase section */

/* Begin PBXTargetDependency section */
		C6FDE3401AA2F52B00875617 /* PBXTargetDependency */ = {
			isa = PBXTargetDependency;
			target = C6FDE3281AA2F52B00875617 /* Week4Day2Session1 */;
			targetProxy = C6FDE33F1AA2F52B00875617 /* PBXContainerItemProxy */;
		};
/* End PBXTargetDependency section */

/* Begin PBXVariantGroup section */
		C6FDE3321AA2F52B00875617 /* Main.storyboard */ = {
			isa = PBXVariantGroup;
			children = (
				C6FDE3331AA2F52B00875617 /* Base */,
			);
			name = Main.storyboard;
			sourceTree = "<group>";
		};
		C6FDE3371AA2F52B00875617 /* LaunchScreen.xib */ = {
			isa = PBXVariantGroup;
			children = (
				C6FDE3381AA2F52B00875617 /* Base */,
			);
			name = LaunchScreen.xib;
			sourceTree = "<group>";
		};
/* End PBXVariantGroup section */

/* Begin XCBuildConfiguration section */
		C6FDE3461AA2F52B00875617 /* Debug */ = {
			isa = XCBuildConfiguration;
			buildSettings = {
				ALWAYS_SEARCH_USER_PATHS = NO;
				CLANG_CXX_LANGUAGE_STANDARD = "gnu++0x";
				CLANG_CXX_LIBRARY = "libc++";
				CLANG_ENABLE_MODULES = YES;
				CLANG_ENABLE_OBJC_ARC = YES;
				CLANG_WARN_BOOL_CONVERSION = YES;
				CLANG_WARN_CONSTANT_CONVERSION = YES;
				CLANG_WARN_DIRECT_OBJC_ISA_USAGE = YES_ERROR;
				CLANG_WARN_EMPTY_BODY = YES;
				CLANG_WARN_ENUM_CONVERSION = YES;
				CLANG_WARN_INT_CONVERSION = YES;
				CLANG_WARN_OBJC_ROOT_CLASS = YES_ERROR;
				CLANG_WARN_UNREACHABLE_CODE = YES;
				CLANG_WARN__DUPLICATE_METHOD_MATCH = YES;
				"CODE_SIGN_IDENTITY[sdk=iphoneos*]" = "iPhone Developer";
				COPY_PHASE_STRIP = NO;
				ENABLE_STRICT_OBJC_MSGSEND = YES;
				GCC_C_LANGUAGE_STANDARD = gnu99;
				GCC_DYNAMIC_NO_PIC = NO;
				GCC_OPTIMIZATION_LEVEL = 0;
				GCC_PREPROCESSOR_DEFINITIONS = (
					"DEBUG=1",
					"$(inherited)",
				);
				GCC_SYMBOLS_PRIVATE_EXTERN = NO;
				GCC_WARN_64_TO_32_BIT_CONVERSION = YES;
				GCC_WARN_ABOUT_RETURN_TYPE = YES_ERROR;
				GCC_WARN_UNDECLARED_SELECTOR = YES;
				GCC_WARN_UNINITIALIZED_AUTOS = YES_AGGRESSIVE;
				GCC_WARN_UNUSED_FUNCTION = YES;
				GCC_WARN_UNUSED_VARIABLE = YES;
				IPHONEOS_DEPLOYMENT_TARGET = 8.2;
				MTL_ENABLE_DEBUG_INFO = YES;
				ONLY_ACTIVE_ARCH = YES;
				SDKROOT = iphoneos;
				SWIFT_OPTIMIZATION_LEVEL = "-Onone";
			};
			name = Debug;
		};
		C6FDE3471AA2F52B00875617 /* Release */ = {
			isa = XCBuildConfiguration;
			buildSettings = {
				ALWAYS_SEARCH_USER_PATHS = NO;
				CLANG_CXX_LANGUAGE_STANDARD = "gnu++0x";
				CLANG_CXX_LIBRARY = "libc++";
				CLANG_ENABLE_MODULES = YES;
				CLANG_ENABLE_OBJC_ARC = YES;
				CLANG_WARN_BOOL_CONVERSION = YES;
				CLANG_WARN_CONSTANT_CONVERSION = YES;
				CLANG_WARN_DIRECT_OBJC_ISA_USAGE = YES_ERROR;
				CLANG_WARN_EMPTY_BODY = YES;
				CLANG_WARN_ENUM_CONVERSION = YES;
				CLANG_WARN_INT_CONVERSION = YES;
				CLANG_WARN_OBJC_ROOT_CLASS = YES_ERROR;
				CLANG_WARN_UNREACHABLE_CODE = YES;
				CLANG_WARN__DUPLICATE_METHOD_MATCH = YES;
				"CODE_SIGN_IDENTITY[sdk=iphoneos*]" = "iPhone Developer";
				COPY_PHASE_STRIP = YES;
				ENABLE_NS_ASSERTIONS = NO;
				ENABLE_STRICT_OBJC_MSGSEND = YES;
				GCC_C_LANGUAGE_STANDARD = gnu99;
				GCC_WARN_64_TO_32_BIT_CONVERSION = YES;
				GCC_WARN_ABOUT_RETURN_TYPE = YES_ERROR;
				GCC_WARN_UNDECLARED_SELECTOR = YES;
				GCC_WARN_UNINITIALIZED_AUTOS = YES_AGGRESSIVE;
				GCC_WARN_UNUSED_FUNCTION = YES;
				GCC_WARN_UNUSED_VARIABLE = YES;
				IPHONEOS_DEPLOYMENT_TARGET = 8.2;
				MTL_ENABLE_DEBUG_INFO = NO;
				SDKROOT = iphoneos;
				VALIDATE_PRODUCT = YES;
			};
			name = Release;
		};
		C6FDE3491AA2F52B00875617 /* Debug */ = {
			isa = XCBuildConfiguration;
			buildSettings = {
				ASSETCATALOG_COMPILER_APPICON_NAME = AppIcon;
				INFOPLIST_FILE = Week4Day2Session1/Info.plist;
				LD_RUNPATH_SEARCH_PATHS = "$(inherited) @executable_path/Frameworks";
				PRODUCT_NAME = "$(TARGET_NAME)";
			};
			name = Debug;
		};
		C6FDE34A1AA2F52B00875617 /* Release */ = {
			isa = XCBuildConfiguration;
			buildSettings = {
				ASSETCATALOG_COMPILER_APPICON_NAME = AppIcon;
				INFOPLIST_FILE = Week4Day2Session1/Info.plist;
				LD_RUNPATH_SEARCH_PATHS = "$(inherited) @executable_path/Frameworks";
				PRODUCT_NAME = "$(TARGET_NAME)";
			};
			name = Release;
		};
		C6FDE34C1AA2F52B00875617 /* Debug */ = {
			isa = XCBuildConfiguration;
			buildSettings = {
				BUNDLE_LOADER = "$(TEST_HOST)";
				FRAMEWORK_SEARCH_PATHS = (
					"$(SDKROOT)/Developer/Library/Frameworks",
					"$(inherited)",
				);
				GCC_PREPROCESSOR_DEFINITIONS = (
					"DEBUG=1",
					"$(inherited)",
				);
				INFOPLIST_FILE = Week4Day2Session1Tests/Info.plist;
				LD_RUNPATH_SEARCH_PATHS = "$(inherited) @executable_path/Frameworks @loader_path/Frameworks";
				PRODUCT_NAME = "$(TARGET_NAME)";
				TEST_HOST = "$(BUILT_PRODUCTS_DIR)/Week4Day2Session1.app/Week4Day2Session1";
			};
			name = Debug;
		};
		C6FDE34D1AA2F52B00875617 /* Release */ = {
			isa = XCBuildConfiguration;
			buildSettings = {
				BUNDLE_LOADER = "$(TEST_HOST)";
				FRAMEWORK_SEARCH_PATHS = (
					"$(SDKROOT)/Developer/Library/Frameworks",
					"$(inherited)",
				);
				INFOPLIST_FILE = Week4Day2Session1Tests/Info.plist;
				LD_RUNPATH_SEARCH_PATHS = "$(inherited) @executable_path/Frameworks @loader_path/Frameworks";
				PRODUCT_NAME = "$(TARGET_NAME)";
				TEST_HOST = "$(BUILT_PRODUCTS_DIR)/Week4Day2Session1.app/Week4Day2Session1";
			};
			name = Release;
		};
/* End XCBuildConfiguration section */

/* Begin XCConfigurationList section */
		C6FDE3241AA2F52B00875617 /* Build configuration list for PBXProject "Week4Day2Session1" */ = {
			isa = XCConfigurationList;
			buildConfigurations = (
				C6FDE3461AA2F52B00875617 /* Debug */,
				C6FDE3471AA2F52B00875617 /* Release */,
			);
			defaultConfigurationIsVisible = 0;
			defaultConfigurationName = Release;
		};
		C6FDE3481AA2F52B00875617 /* Build configuration list for PBXNativeTarget "Week4Day2Session1" */ = {
			isa = XCConfigurationList;
			buildConfigurations = (
				C6FDE3491AA2F52B00875617 /* Debug */,
				C6FDE34A1AA2F52B00875617 /* Release */,
			);
			defaultConfigurationIsVisible = 0;
		};
		C6FDE34B1AA2F52B00875617 /* Build configuration list for PBXNativeTarget "Week4Day2Session1Tests" */ = {
			isa = XCConfigurationList;
			buildConfigurations = (
				C6FDE34C1AA2F52B00875617 /* Debug */,
				C6FDE34D1AA2F52B00875617 /* Release */,
			);
			defaultConfigurationIsVisible = 0;
		};
/* End XCConfigurationList section */
	};
	rootObject = C6FDE3211AA2F52B00875617 /* Project object */;
}
