// !$*UTF8*$!
{
	archiveVersion = 1;
	classes = {
	};
	objectVersion = 46;
	objects = {

/* Begin PBXBuildFile section */
		4F59D36F1AFDE7DC0001D22E /* AppDelegate.swift in Sources */ = {isa = PBXBuildFile; fileRef = 4F59D36E1AFDE7DC0001D22E /* AppDelegate.swift */; };
		4F59D3711AFDE7DC0001D22E /* ViewController.swift in Sources */ = {isa = PBXBuildFile; fileRef = 4F59D3701AFDE7DC0001D22E /* ViewController.swift */; };
		4F59D3741AFDE7DC0001D22E /* Main.storyboard in Resources */ = {isa = PBXBuildFile; fileRef = 4F59D3721AFDE7DC0001D22E /* Main.storyboard */; };
		4F59D3761AFDE7DC0001D22E /* Images.xcassets in Resources */ = {isa = PBXBuildFile; fileRef = 4F59D3751AFDE7DC0001D22E /* Images.xcassets */; };
		4F59D3791AFDE7DC0001D22E /* LaunchScreen.xib in Resources */ = {isa = PBXBuildFile; fileRef = 4F59D3771AFDE7DC0001D22E /* LaunchScreen.xib */; };
		4F59D3851AFDE7DC0001D22E /* VideoPlayingTests.swift in Sources */ = {isa = PBXBuildFile; fileRef = 4F59D3841AFDE7DC0001D22E /* VideoPlayingTests.swift */; };
		4F59D38F1AFDE82D0001D22E /* VideoPlayerVC.swift in Sources */ = {isa = PBXBuildFile; fileRef = 4F59D38E1AFDE82D0001D22E /* VideoPlayerVC.swift */; };
		4F59D3911AFDF2E50001D22E /* NasaVideo.m4v in Resources */ = {isa = PBXBuildFile; fileRef = 4F59D3901AFDF2E50001D22E /* NasaVideo.m4v */; };
/* End PBXBuildFile section */

/* Begin PBXContainerItemProxy section */
		4F59D37F1AFDE7DC0001D22E /* PBXContainerItemProxy */ = {
			isa = PBXContainerItemProxy;
			containerPortal = 4F59D3611AFDE7DC0001D22E /* Project object */;
			proxyType = 1;
			remoteGlobalIDString = 4F59D3681AFDE7DC0001D22E;
			remoteInfo = VideoPlaying;
		};
/* End PBXContainerItemProxy section */

/* Begin PBXFileReference section */
		4F59D3691AFDE7DC0001D22E /* VideoPlaying.app */ = {isa = PBXFileReference; explicitFileType = wrapper.application; includeInIndex = 0; path = VideoPlaying.app; sourceTree = BUILT_PRODUCTS_DIR; };
		4F59D36D1AFDE7DC0001D22E /* Info.plist */ = {isa = PBXFileReference; lastKnownFileType = text.plist.xml; path = Info.plist; sourceTree = "<group>"; };
		4F59D36E1AFDE7DC0001D22E /* AppDelegate.swift */ = {isa = PBXFileReference; lastKnownFileType = sourcecode.swift; path = AppDelegate.swift; sourceTree = "<group>"; };
		4F59D3701AFDE7DC0001D22E /* ViewController.swift */ = {isa = PBXFileReference; lastKnownFileType = sourcecode.swift; path = ViewController.swift; sourceTree = "<group>"; };
		4F59D3731AFDE7DC0001D22E /* Base */ = {isa = PBXFileReference; lastKnownFileType = file.storyboard; name = Base; path = Base.lproj/Main.storyboard; sourceTree = "<group>"; };
		4F59D3751AFDE7DC0001D22E /* Images.xcassets */ = {isa = PBXFileReference; lastKnownFileType = folder.assetcatalog; path = Images.xcassets; sourceTree = "<group>"; };
		4F59D3781AFDE7DC0001D22E /* Base */ = {isa = PBXFileReference; lastKnownFileType = file.xib; name = Base; path = Base.lproj/LaunchScreen.xib; sourceTree = "<group>"; };
		4F59D37E1AFDE7DC0001D22E /* VideoPlayingTests.xctest */ = {isa = PBXFileReference; explicitFileType = wrapper.cfbundle; includeInIndex = 0; path = VideoPlayingTests.xctest; sourceTree = BUILT_PRODUCTS_DIR; };
		4F59D3831AFDE7DC0001D22E /* Info.plist */ = {isa = PBXFileReference; lastKnownFileType = text.plist.xml; path = Info.plist; sourceTree = "<group>"; };
		4F59D3841AFDE7DC0001D22E /* VideoPlayingTests.swift */ = {isa = PBXFileReference; lastKnownFileType = sourcecode.swift; path = VideoPlayingTests.swift; sourceTree = "<group>"; };
		4F59D38E1AFDE82D0001D22E /* VideoPlayerVC.swift */ = {isa = PBXFileReference; fileEncoding = 4; lastKnownFileType = sourcecode.swift; path = VideoPlayerVC.swift; sourceTree = "<group>"; };
		4F59D3901AFDF2E50001D22E /* NasaVideo.m4v */ = {isa = PBXFileReference; lastKnownFileType = file; path = NasaVideo.m4v; sourceTree = "<group>"; };
/* End PBXFileReference section */

/* Begin PBXFrameworksBuildPhase section */
		4F59D3661AFDE7DC0001D22E /* Frameworks */ = {
			isa = PBXFrameworksBuildPhase;
			buildActionMask = 2147483647;
			files = (
			);
			runOnlyForDeploymentPostprocessing = 0;
		};
		4F59D37B1AFDE7DC0001D22E /* Frameworks */ = {
			isa = PBXFrameworksBuildPhase;
			buildActionMask = 2147483647;
			files = (
			);
			runOnlyForDeploymentPostprocessing = 0;
		};
/* End PBXFrameworksBuildPhase section */

/* Begin PBXGroup section */
		4F59D3601AFDE7DC0001D22E = {
			isa = PBXGroup;
			children = (
				4F59D36B1AFDE7DC0001D22E /* VideoPlaying */,
				4F59D3811AFDE7DC0001D22E /* VideoPlayingTests */,
				4F59D36A1AFDE7DC0001D22E /* Products */,
			);
			sourceTree = "<group>";
		};
		4F59D36A1AFDE7DC0001D22E /* Products */ = {
			isa = PBXGroup;
			children = (
				4F59D3691AFDE7DC0001D22E /* VideoPlaying.app */,
				4F59D37E1AFDE7DC0001D22E /* VideoPlayingTests.xctest */,
			);
			name = Products;
			sourceTree = "<group>";
		};
		4F59D36B1AFDE7DC0001D22E /* VideoPlaying */ = {
			isa = PBXGroup;
			children = (
				4F59D36C1AFDE7DC0001D22E /* Supporting Files */,
				4F59D3721AFDE7DC0001D22E /* Main.storyboard */,
				4F59D3701AFDE7DC0001D22E /* ViewController.swift */,
				4F59D38E1AFDE82D0001D22E /* VideoPlayerVC.swift */,
				4F59D3901AFDF2E50001D22E /* NasaVideo.m4v */,
			);
			path = VideoPlaying;
			sourceTree = "<group>";
		};
		4F59D36C1AFDE7DC0001D22E /* Supporting Files */ = {
			isa = PBXGroup;
			children = (
				4F59D36E1AFDE7DC0001D22E /* AppDelegate.swift */,
				4F59D3771AFDE7DC0001D22E /* LaunchScreen.xib */,
				4F59D3751AFDE7DC0001D22E /* Images.xcassets */,
				4F59D36D1AFDE7DC0001D22E /* Info.plist */,
			);
			name = "Supporting Files";
			sourceTree = "<group>";
		};
		4F59D3811AFDE7DC0001D22E /* VideoPlayingTests */ = {
			isa = PBXGroup;
			children = (
				4F59D3841AFDE7DC0001D22E /* VideoPlayingTests.swift */,
				4F59D3821AFDE7DC0001D22E /* Supporting Files */,
			);
			path = VideoPlayingTests;
			sourceTree = "<group>";
		};
		4F59D3821AFDE7DC0001D22E /* Supporting Files */ = {
			isa = PBXGroup;
			children = (
				4F59D3831AFDE7DC0001D22E /* Info.plist */,
			);
			name = "Supporting Files";
			sourceTree = "<group>";
		};
/* End PBXGroup section */

/* Begin PBXNativeTarget section */
		4F59D3681AFDE7DC0001D22E /* VideoPlaying */ = {
			isa = PBXNativeTarget;
			buildConfigurationList = 4F59D3881AFDE7DC0001D22E /* Build configuration list for PBXNativeTarget "VideoPlaying" */;
			buildPhases = (
				4F59D3651AFDE7DC0001D22E /* Sources */,
				4F59D3661AFDE7DC0001D22E /* Frameworks */,
				4F59D3671AFDE7DC0001D22E /* Resources */,
			);
			buildRules = (
			);
			dependencies = (
			);
			name = VideoPlaying;
			productName = VideoPlaying;
			productReference = 4F59D3691AFDE7DC0001D22E /* VideoPlaying.app */;
			productType = "com.apple.product-type.application";
		};
		4F59D37D1AFDE7DC0001D22E /* VideoPlayingTests */ = {
			isa = PBXNativeTarget;
			buildConfigurationList = 4F59D38B1AFDE7DC0001D22E /* Build configuration list for PBXNativeTarget "VideoPlayingTests" */;
			buildPhases = (
				4F59D37A1AFDE7DC0001D22E /* Sources */,
				4F59D37B1AFDE7DC0001D22E /* Frameworks */,
				4F59D37C1AFDE7DC0001D22E /* Resources */,
			);
			buildRules = (
			);
			dependencies = (
				4F59D3801AFDE7DC0001D22E /* PBXTargetDependency */,
			);
			name = VideoPlayingTests;
			productName = VideoPlayingTests;
			productReference = 4F59D37E1AFDE7DC0001D22E /* VideoPlayingTests.xctest */;
			productType = "com.apple.product-type.bundle.unit-test";
		};
/* End PBXNativeTarget section */

/* Begin PBXProject section */
		4F59D3611AFDE7DC0001D22E /* Project object */ = {
			isa = PBXProject;
			attributes = {
				LastUpgradeCheck = 0630;
				ORGANIZATIONNAME = Wissen;
				TargetAttributes = {
					4F59D3681AFDE7DC0001D22E = {
						CreatedOnToolsVersion = 6.3.1;
					};
					4F59D37D1AFDE7DC0001D22E = {
						CreatedOnToolsVersion = 6.3.1;
						TestTargetID = 4F59D3681AFDE7DC0001D22E;
					};
				};
			};
			buildConfigurationList = 4F59D3641AFDE7DC0001D22E /* Build configuration list for PBXProject "VideoPlaying" */;
			compatibilityVersion = "Xcode 3.2";
			developmentRegion = English;
			hasScannedForEncodings = 0;
			knownRegions = (
				en,
				Base,
			);
			mainGroup = 4F59D3601AFDE7DC0001D22E;
			productRefGroup = 4F59D36A1AFDE7DC0001D22E /* Products */;
			projectDirPath = "";
			projectRoot = "";
			targets = (
				4F59D3681AFDE7DC0001D22E /* VideoPlaying */,
				4F59D37D1AFDE7DC0001D22E /* VideoPlayingTests */,
			);
		};
/* End PBXProject section */

/* Begin PBXResourcesBuildPhase section */
		4F59D3671AFDE7DC0001D22E /* Resources */ = {
			isa = PBXResourcesBuildPhase;
			buildActionMask = 2147483647;
			files = (
				4F59D3741AFDE7DC0001D22E /* Main.storyboard in Resources */,
				4F59D3791AFDE7DC0001D22E /* LaunchScreen.xib in Resources */,
				4F59D3911AFDF2E50001D22E /* NasaVideo.m4v in Resources */,
				4F59D3761AFDE7DC0001D22E /* Images.xcassets in Resources */,
			);
			runOnlyForDeploymentPostprocessing = 0;
		};
		4F59D37C1AFDE7DC0001D22E /* Resources */ = {
			isa = PBXResourcesBuildPhase;
			buildActionMask = 2147483647;
			files = (
			);
			runOnlyForDeploymentPostprocessing = 0;
		};
/* End PBXResourcesBuildPhase section */

/* Begin PBXSourcesBuildPhase section */
		4F59D3651AFDE7DC0001D22E /* Sources */ = {
			isa = PBXSourcesBuildPhase;
			buildActionMask = 2147483647;
			files = (
				4F59D3711AFDE7DC0001D22E /* ViewController.swift in Sources */,
				4F59D36F1AFDE7DC0001D22E /* AppDelegate.swift in Sources */,
				4F59D38F1AFDE82D0001D22E /* VideoPlayerVC.swift in Sources */,
			);
			runOnlyForDeploymentPostprocessing = 0;
		};
		4F59D37A1AFDE7DC0001D22E /* Sources */ = {
			isa = PBXSourcesBuildPhase;
			buildActionMask = 2147483647;
			files = (
				4F59D3851AFDE7DC0001D22E /* VideoPlayingTests.swift in Sources */,
			);
			runOnlyForDeploymentPostprocessing = 0;
		};
/* End PBXSourcesBuildPhase section */

/* Begin PBXTargetDependency section */
		4F59D3801AFDE7DC0001D22E /* PBXTargetDependency */ = {
			isa = PBXTargetDependency;
			target = 4F59D3681AFDE7DC0001D22E /* VideoPlaying */;
			targetProxy = 4F59D37F1AFDE7DC0001D22E /* PBXContainerItemProxy */;
		};
/* End PBXTargetDependency section */

/* Begin PBXVariantGroup section */
		4F59D3721AFDE7DC0001D22E /* Main.storyboard */ = {
			isa = PBXVariantGroup;
			children = (
				4F59D3731AFDE7DC0001D22E /* Base */,
			);
			name = Main.storyboard;
			sourceTree = "<group>";
		};
		4F59D3771AFDE7DC0001D22E /* LaunchScreen.xib */ = {
			isa = PBXVariantGroup;
			children = (
				4F59D3781AFDE7DC0001D22E /* Base */,
			);
			name = LaunchScreen.xib;
			sourceTree = "<group>";
		};
/* End PBXVariantGroup section */

/* Begin XCBuildConfiguration section */
		4F59D3861AFDE7DC0001D22E /* Debug */ = {
			isa = XCBuildConfiguration;
			buildSettings = {
				ALWAYS_SEARCH_USER_PATHS = NO;
				CLANG_CXX_LANGUAGE_STANDARD = "gnu++0x";
				CLANG_CXX_LIBRARY = "libc++";
				CLANG_ENABLE_MODULES = YES;
				CLANG_ENABLE_OBJC_ARC = YES;
				CLANG_WARN_BOOL_CONVERSION = YES;
				CLANG_WARN_CONSTANT_CONVERSION = YES;
				CLANG_WARN_DIRECT_OBJC_ISA_USAGE = YES_ERROR;
				CLANG_WARN_EMPTY_BODY = YES;
				CLANG_WARN_ENUM_CONVERSION = YES;
				CLANG_WARN_INT_CONVERSION = YES;
				CLANG_WARN_OBJC_ROOT_CLASS = YES_ERROR;
				CLANG_WARN_UNREACHABLE_CODE = YES;
				CLANG_WARN__DUPLICATE_METHOD_MATCH = YES;
				"CODE_SIGN_IDENTITY[sdk=iphoneos*]" = "iPhone Developer";
				COPY_PHASE_STRIP = NO;
				DEBUG_INFORMATION_FORMAT = "dwarf-with-dsym";
				ENABLE_STRICT_OBJC_MSGSEND = YES;
				GCC_C_LANGUAGE_STANDARD = gnu99;
				GCC_DYNAMIC_NO_PIC = NO;
				GCC_NO_COMMON_BLOCKS = YES;
				GCC_OPTIMIZATION_LEVEL = 0;
				GCC_PREPROCESSOR_DEFINITIONS = (
					"DEBUG=1",
					"$(inherited)",
				);
				GCC_SYMBOLS_PRIVATE_EXTERN = NO;
				GCC_WARN_64_TO_32_BIT_CONVERSION = YES;
				GCC_WARN_ABOUT_RETURN_TYPE = YES_ERROR;
				GCC_WARN_UNDECLARED_SELECTOR = YES;
				GCC_WARN_UNINITIALIZED_AUTOS = YES_AGGRESSIVE;
				GCC_WARN_UNUSED_FUNCTION = YES;
				GCC_WARN_UNUSED_VARIABLE = YES;
				IPHONEOS_DEPLOYMENT_TARGET = 8.3;
				MTL_ENABLE_DEBUG_INFO = YES;
				ONLY_ACTIVE_ARCH = YES;
				SDKROOT = iphoneos;
				SWIFT_OPTIMIZATION_LEVEL = "-Onone";
			};
			name = Debug;
		};
		4F59D3871AFDE7DC0001D22E /* Release */ = {
			isa = XCBuildConfiguration;
			buildSettings = {
				ALWAYS_SEARCH_USER_PATHS = NO;
				CLANG_CXX_LANGUAGE_STANDARD = "gnu++0x";
				CLANG_CXX_LIBRARY = "libc++";
				CLANG_ENABLE_MODULES = YES;
				CLANG_ENABLE_OBJC_ARC = YES;
				CLANG_WARN_BOOL_CONVERSION = YES;
				CLANG_WARN_CONSTANT_CONVERSION = YES;
				CLANG_WARN_DIRECT_OBJC_ISA_USAGE = YES_ERROR;
				CLANG_WARN_EMPTY_BODY = YES;
				CLANG_WARN_ENUM_CONVERSION = YES;
				CLANG_WARN_INT_CONVERSION = YES;
				CLANG_WARN_OBJC_ROOT_CLASS = YES_ERROR;
				CLANG_WARN_UNREACHABLE_CODE = YES;
				CLANG_WARN__DUPLICATE_METHOD_MATCH = YES;
				"CODE_SIGN_IDENTITY[sdk=iphoneos*]" = "iPhone Developer";
				COPY_PHASE_STRIP = NO;
				DEBUG_INFORMATION_FORMAT = "dwarf-with-dsym";
				ENABLE_NS_ASSERTIONS = NO;
				ENABLE_STRICT_OBJC_MSGSEND = YES;
				GCC_C_LANGUAGE_STANDARD = gnu99;
				GCC_NO_COMMON_BLOCKS = YES;
				GCC_WARN_64_TO_32_BIT_CONVERSION = YES;
				GCC_WARN_ABOUT_RETURN_TYPE = YES_ERROR;
				GCC_WARN_UNDECLARED_SELECTOR = YES;
				GCC_WARN_UNINITIALIZED_AUTOS = YES_AGGRESSIVE;
				GCC_WARN_UNUSED_FUNCTION = YES;
				GCC_WARN_UNUSED_VARIABLE = YES;
				IPHONEOS_DEPLOYMENT_TARGET = 8.3;
				MTL_ENABLE_DEBUG_INFO = NO;
				SDKROOT = iphoneos;
				VALIDATE_PRODUCT = YES;
			};
			name = Release;
		};
		4F59D3891AFDE7DC0001D22E /* Debug */ = {
			isa = XCBuildConfiguration;
			buildSettings = {
				ASSETCATALOG_COMPILER_APPICON_NAME = AppIcon;
				INFOPLIST_FILE = VideoPlaying/Info.plist;
				LD_RUNPATH_SEARCH_PATHS = "$(inherited) @executable_path/Frameworks";
				PRODUCT_NAME = "$(TARGET_NAME)";
			};
			name = Debug;
		};
		4F59D38A1AFDE7DC0001D22E /* Release */ = {
			isa = XCBuildConfiguration;
			buildSettings = {
				ASSETCATALOG_COMPILER_APPICON_NAME = AppIcon;
				INFOPLIST_FILE = VideoPlaying/Info.plist;
				LD_RUNPATH_SEARCH_PATHS = "$(inherited) @executable_path/Frameworks";
				PRODUCT_NAME = "$(TARGET_NAME)";
			};
			name = Release;
		};
		4F59D38C1AFDE7DC0001D22E /* Debug */ = {
			isa = XCBuildConfiguration;
			buildSettings = {
				BUNDLE_LOADER = "$(TEST_HOST)";
				FRAMEWORK_SEARCH_PATHS = (
					"$(SDKROOT)/Developer/Library/Frameworks",
					"$(inherited)",
				);
				GCC_PREPROCESSOR_DEFINITIONS = (
					"DEBUG=1",
					"$(inherited)",
				);
				INFOPLIST_FILE = VideoPlayingTests/Info.plist;
				LD_RUNPATH_SEARCH_PATHS = "$(inherited) @executable_path/Frameworks @loader_path/Frameworks";
				PRODUCT_NAME = "$(TARGET_NAME)";
				TEST_HOST = "$(BUILT_PRODUCTS_DIR)/VideoPlaying.app/VideoPlaying";
			};
			name = Debug;
		};
		4F59D38D1AFDE7DC0001D22E /* Release */ = {
			isa = XCBuildConfiguration;
			buildSettings = {
				BUNDLE_LOADER = "$(TEST_HOST)";
				FRAMEWORK_SEARCH_PATHS = (
					"$(SDKROOT)/Developer/Library/Frameworks",
					"$(inherited)",
				);
				INFOPLIST_FILE = VideoPlayingTests/Info.plist;
				LD_RUNPATH_SEARCH_PATHS = "$(inherited) @executable_path/Frameworks @loader_path/Frameworks";
				PRODUCT_NAME = "$(TARGET_NAME)";
				TEST_HOST = "$(BUILT_PRODUCTS_DIR)/VideoPlaying.app/VideoPlaying";
			};
			name = Release;
		};
/* End XCBuildConfiguration section */

/* Begin XCConfigurationList section */
		4F59D3641AFDE7DC0001D22E /* Build configuration list for PBXProject "VideoPlaying" */ = {
			isa = XCConfigurationList;
			buildConfigurations = (
				4F59D3861AFDE7DC0001D22E /* Debug */,
				4F59D3871AFDE7DC0001D22E /* Release */,
			);
			defaultConfigurationIsVisible = 0;
			defaultConfigurationName = Release;
		};
		4F59D3881AFDE7DC0001D22E /* Build configuration list for PBXNativeTarget "VideoPlaying" */ = {
			isa = XCConfigurationList;
			buildConfigurations = (
				4F59D3891AFDE7DC0001D22E /* Debug */,
				4F59D38A1AFDE7DC0001D22E /* Release */,
			);
			defaultConfigurationIsVisible = 0;
			defaultConfigurationName = Release;
		};
		4F59D38B1AFDE7DC0001D22E /* Build configuration list for PBXNativeTarget "VideoPlayingTests" */ = {
			isa = XCConfigurationList;
			buildConfigurations = (
				4F59D38C1AFDE7DC0001D22E /* Debug */,
				4F59D38D1AFDE7DC0001D22E /* Release */,
			);
			defaultConfigurationIsVisible = 0;
			defaultConfigurationName = Release;
		};
/* End XCConfigurationList section */
	};
	rootObject = 4F59D3611AFDE7DC0001D22E /* Project object */;
}
