// !$*UTF8*$!
{
	archiveVersion = 1;
	classes = {
	};
	objectVersion = 46;
	objects = {

/* Begin PBXBuildFile section */
		4F5B5DC41AF5FD4300FDC81E /* AppDelegate.swift in Sources */ = {isa = PBXBuildFile; fileRef = 4F5B5DC31AF5FD4300FDC81E /* AppDelegate.swift */; };
		4F5B5DC61AF5FD4300FDC81E /* JSONVC.swift in Sources */ = {isa = PBXBuildFile; fileRef = 4F5B5DC51AF5FD4300FDC81E /* JSONVC.swift */; };
		4F5B5DC91AF5FD4300FDC81E /* Main.storyboard in Resources */ = {isa = PBXBuildFile; fileRef = 4F5B5DC71AF5FD4300FDC81E /* Main.storyboard */; };
		4F5B5DCB1AF5FD4300FDC81E /* Images.xcassets in Resources */ = {isa = PBXBuildFile; fileRef = 4F5B5DCA1AF5FD4300FDC81E /* Images.xcassets */; };
		4F5B5DCE1AF5FD4300FDC81E /* LaunchScreen.xib in Resources */ = {isa = PBXBuildFile; fileRef = 4F5B5DCC1AF5FD4300FDC81E /* LaunchScreen.xib */; };
		4F5B5DDA1AF5FD4300FDC81E /* JsonXmlParsingTests.swift in Sources */ = {isa = PBXBuildFile; fileRef = 4F5B5DD91AF5FD4300FDC81E /* JsonXmlParsingTests.swift */; };
		4F5B5DE41AF5FED700FDC81E /* XMLVC.swift in Sources */ = {isa = PBXBuildFile; fileRef = 4F5B5DE31AF5FED700FDC81E /* XMLVC.swift */; };
		4F5B5DE61AF5FEE300FDC81E /* MapVC.swift in Sources */ = {isa = PBXBuildFile; fileRef = 4F5B5DE51AF5FEE300FDC81E /* MapVC.swift */; };
		4F5B5DE81AF6018D00FDC81E /* Campus.swift in Sources */ = {isa = PBXBuildFile; fileRef = 4F5B5DE71AF6018D00FDC81E /* Campus.swift */; };
		4F5B5DEA1AF6208000FDC81E /* MapKit.framework in Frameworks */ = {isa = PBXBuildFile; fileRef = 4F5B5DE91AF6208000FDC81E /* MapKit.framework */; };
		4F5B5DEC1AF6210900FDC81E /* CampusAnnotation.swift in Sources */ = {isa = PBXBuildFile; fileRef = 4F5B5DEB1AF6210900FDC81E /* CampusAnnotation.swift */; };
/* End PBXBuildFile section */

/* Begin PBXContainerItemProxy section */
		4F5B5DD41AF5FD4300FDC81E /* PBXContainerItemProxy */ = {
			isa = PBXContainerItemProxy;
			containerPortal = 4F5B5DB61AF5FD4300FDC81E /* Project object */;
			proxyType = 1;
			remoteGlobalIDString = 4F5B5DBD1AF5FD4300FDC81E;
			remoteInfo = JsonXmlParsing;
		};
/* End PBXContainerItemProxy section */

/* Begin PBXFileReference section */
		4F5B5DBE1AF5FD4300FDC81E /* JsonXmlParsing.app */ = {isa = PBXFileReference; explicitFileType = wrapper.application; includeInIndex = 0; path = JsonXmlParsing.app; sourceTree = BUILT_PRODUCTS_DIR; };
		4F5B5DC21AF5FD4300FDC81E /* Info.plist */ = {isa = PBXFileReference; lastKnownFileType = text.plist.xml; path = Info.plist; sourceTree = "<group>"; };
		4F5B5DC31AF5FD4300FDC81E /* AppDelegate.swift */ = {isa = PBXFileReference; lastKnownFileType = sourcecode.swift; path = AppDelegate.swift; sourceTree = "<group>"; };
		4F5B5DC51AF5FD4300FDC81E /* JSONVC.swift */ = {isa = PBXFileReference; lastKnownFileType = sourcecode.swift; path = JSONVC.swift; sourceTree = "<group>"; };
		4F5B5DC81AF5FD4300FDC81E /* Base */ = {isa = PBXFileReference; lastKnownFileType = file.storyboard; name = Base; path = Base.lproj/Main.storyboard; sourceTree = "<group>"; };
		4F5B5DCA1AF5FD4300FDC81E /* Images.xcassets */ = {isa = PBXFileReference; lastKnownFileType = folder.assetcatalog; path = Images.xcassets; sourceTree = "<group>"; };
		4F5B5DCD1AF5FD4300FDC81E /* Base */ = {isa = PBXFileReference; lastKnownFileType = file.xib; name = Base; path = Base.lproj/LaunchScreen.xib; sourceTree = "<group>"; };
		4F5B5DD31AF5FD4300FDC81E /* JsonXmlParsingTests.xctest */ = {isa = PBXFileReference; explicitFileType = wrapper.cfbundle; includeInIndex = 0; path = JsonXmlParsingTests.xctest; sourceTree = BUILT_PRODUCTS_DIR; };
		4F5B5DD81AF5FD4300FDC81E /* Info.plist */ = {isa = PBXFileReference; lastKnownFileType = text.plist.xml; path = Info.plist; sourceTree = "<group>"; };
		4F5B5DD91AF5FD4300FDC81E /* JsonXmlParsingTests.swift */ = {isa = PBXFileReference; lastKnownFileType = sourcecode.swift; path = JsonXmlParsingTests.swift; sourceTree = "<group>"; };
		4F5B5DE31AF5FED700FDC81E /* XMLVC.swift */ = {isa = PBXFileReference; fileEncoding = 4; lastKnownFileType = sourcecode.swift; path = XMLVC.swift; sourceTree = "<group>"; };
		4F5B5DE51AF5FEE300FDC81E /* MapVC.swift */ = {isa = PBXFileReference; fileEncoding = 4; lastKnownFileType = sourcecode.swift; path = MapVC.swift; sourceTree = "<group>"; };
		4F5B5DE71AF6018D00FDC81E /* Campus.swift */ = {isa = PBXFileReference; fileEncoding = 4; lastKnownFileType = sourcecode.swift; path = Campus.swift; sourceTree = "<group>"; };
		4F5B5DE91AF6208000FDC81E /* MapKit.framework */ = {isa = PBXFileReference; lastKnownFileType = wrapper.framework; name = MapKit.framework; path = System/Library/Frameworks/MapKit.framework; sourceTree = SDKROOT; };
		4F5B5DEB1AF6210900FDC81E /* CampusAnnotation.swift */ = {isa = PBXFileReference; fileEncoding = 4; lastKnownFileType = sourcecode.swift; path = CampusAnnotation.swift; sourceTree = "<group>"; };
/* End PBXFileReference section */

/* Begin PBXFrameworksBuildPhase section */
		4F5B5DBB1AF5FD4300FDC81E /* Frameworks */ = {
			isa = PBXFrameworksBuildPhase;
			buildActionMask = 2147483647;
			files = (
				4F5B5DEA1AF6208000FDC81E /* MapKit.framework in Frameworks */,
			);
			runOnlyForDeploymentPostprocessing = 0;
		};
		4F5B5DD01AF5FD4300FDC81E /* Frameworks */ = {
			isa = PBXFrameworksBuildPhase;
			buildActionMask = 2147483647;
			files = (
			);
			runOnlyForDeploymentPostprocessing = 0;
		};
/* End PBXFrameworksBuildPhase section */

/* Begin PBXGroup section */
		4F5B5DB51AF5FD4300FDC81E = {
			isa = PBXGroup;
			children = (
				4F5B5DE91AF6208000FDC81E /* MapKit.framework */,
				4F5B5DC01AF5FD4300FDC81E /* JsonXmlParsing */,
				4F5B5DD61AF5FD4300FDC81E /* JsonXmlParsingTests */,
				4F5B5DBF1AF5FD4300FDC81E /* Products */,
			);
			sourceTree = "<group>";
		};
		4F5B5DBF1AF5FD4300FDC81E /* Products */ = {
			isa = PBXGroup;
			children = (
				4F5B5DBE1AF5FD4300FDC81E /* JsonXmlParsing.app */,
				4F5B5DD31AF5FD4300FDC81E /* JsonXmlParsingTests.xctest */,
			);
			name = Products;
			sourceTree = "<group>";
		};
		4F5B5DC01AF5FD4300FDC81E /* JsonXmlParsing */ = {
			isa = PBXGroup;
			children = (
				4F5B5DC11AF5FD4300FDC81E /* Supporting Files */,
				4F5B5DC71AF5FD4300FDC81E /* Main.storyboard */,
				4F5B5DC51AF5FD4300FDC81E /* JSONVC.swift */,
				4F5B5DE31AF5FED700FDC81E /* XMLVC.swift */,
				4F5B5DE51AF5FEE300FDC81E /* MapVC.swift */,
				4F5B5DE71AF6018D00FDC81E /* Campus.swift */,
				4F5B5DEB1AF6210900FDC81E /* CampusAnnotation.swift */,
			);
			path = JsonXmlParsing;
			sourceTree = "<group>";
		};
		4F5B5DC11AF5FD4300FDC81E /* Supporting Files */ = {
			isa = PBXGroup;
			children = (
				4F5B5DC31AF5FD4300FDC81E /* AppDelegate.swift */,
				4F5B5DCA1AF5FD4300FDC81E /* Images.xcassets */,
				4F5B5DCC1AF5FD4300FDC81E /* LaunchScreen.xib */,
				4F5B5DC21AF5FD4300FDC81E /* Info.plist */,
			);
			name = "Supporting Files";
			sourceTree = "<group>";
		};
		4F5B5DD61AF5FD4300FDC81E /* JsonXmlParsingTests */ = {
			isa = PBXGroup;
			children = (
				4F5B5DD91AF5FD4300FDC81E /* JsonXmlParsingTests.swift */,
				4F5B5DD71AF5FD4300FDC81E /* Supporting Files */,
			);
			path = JsonXmlParsingTests;
			sourceTree = "<group>";
		};
		4F5B5DD71AF5FD4300FDC81E /* Supporting Files */ = {
			isa = PBXGroup;
			children = (
				4F5B5DD81AF5FD4300FDC81E /* Info.plist */,
			);
			name = "Supporting Files";
			sourceTree = "<group>";
		};
/* End PBXGroup section */

/* Begin PBXNativeTarget section */
		4F5B5DBD1AF5FD4300FDC81E /* JsonXmlParsing */ = {
			isa = PBXNativeTarget;
			buildConfigurationList = 4F5B5DDD1AF5FD4300FDC81E /* Build configuration list for PBXNativeTarget "JsonXmlParsing" */;
			buildPhases = (
				4F5B5DBA1AF5FD4300FDC81E /* Sources */,
				4F5B5DBB1AF5FD4300FDC81E /* Frameworks */,
				4F5B5DBC1AF5FD4300FDC81E /* Resources */,
			);
			buildRules = (
			);
			dependencies = (
			);
			name = JsonXmlParsing;
			productName = JsonXmlParsing;
			productReference = 4F5B5DBE1AF5FD4300FDC81E /* JsonXmlParsing.app */;
			productType = "com.apple.product-type.application";
		};
		4F5B5DD21AF5FD4300FDC81E /* JsonXmlParsingTests */ = {
			isa = PBXNativeTarget;
			buildConfigurationList = 4F5B5DE01AF5FD4300FDC81E /* Build configuration list for PBXNativeTarget "JsonXmlParsingTests" */;
			buildPhases = (
				4F5B5DCF1AF5FD4300FDC81E /* Sources */,
				4F5B5DD01AF5FD4300FDC81E /* Frameworks */,
				4F5B5DD11AF5FD4300FDC81E /* Resources */,
			);
			buildRules = (
			);
			dependencies = (
				4F5B5DD51AF5FD4300FDC81E /* PBXTargetDependency */,
			);
			name = JsonXmlParsingTests;
			productName = JsonXmlParsingTests;
			productReference = 4F5B5DD31AF5FD4300FDC81E /* JsonXmlParsingTests.xctest */;
			productType = "com.apple.product-type.bundle.unit-test";
		};
/* End PBXNativeTarget section */

/* Begin PBXProject section */
		4F5B5DB61AF5FD4300FDC81E /* Project object */ = {
			isa = PBXProject;
			attributes = {
				LastUpgradeCheck = 0630;
				ORGANIZATIONNAME = Wissen;
				TargetAttributes = {
					4F5B5DBD1AF5FD4300FDC81E = {
						CreatedOnToolsVersion = 6.3.1;
						SystemCapabilities = {
							com.apple.Maps.iOS = {
								enabled = 1;
							};
						};
					};
					4F5B5DD21AF5FD4300FDC81E = {
						CreatedOnToolsVersion = 6.3.1;
						TestTargetID = 4F5B5DBD1AF5FD4300FDC81E;
					};
				};
			};
			buildConfigurationList = 4F5B5DB91AF5FD4300FDC81E /* Build configuration list for PBXProject "JsonXmlParsing" */;
			compatibilityVersion = "Xcode 3.2";
			developmentRegion = English;
			hasScannedForEncodings = 0;
			knownRegions = (
				en,
				Base,
			);
			mainGroup = 4F5B5DB51AF5FD4300FDC81E;
			productRefGroup = 4F5B5DBF1AF5FD4300FDC81E /* Products */;
			projectDirPath = "";
			projectRoot = "";
			targets = (
				4F5B5DBD1AF5FD4300FDC81E /* JsonXmlParsing */,
				4F5B5DD21AF5FD4300FDC81E /* JsonXmlParsingTests */,
			);
		};
/* End PBXProject section */

/* Begin PBXResourcesBuildPhase section */
		4F5B5DBC1AF5FD4300FDC81E /* Resources */ = {
			isa = PBXResourcesBuildPhase;
			buildActionMask = 2147483647;
			files = (
				4F5B5DC91AF5FD4300FDC81E /* Main.storyboard in Resources */,
				4F5B5DCE1AF5FD4300FDC81E /* LaunchScreen.xib in Resources */,
				4F5B5DCB1AF5FD4300FDC81E /* Images.xcassets in Resources */,
			);
			runOnlyForDeploymentPostprocessing = 0;
		};
		4F5B5DD11AF5FD4300FDC81E /* Resources */ = {
			isa = PBXResourcesBuildPhase;
			buildActionMask = 2147483647;
			files = (
			);
			runOnlyForDeploymentPostprocessing = 0;
		};
/* End PBXResourcesBuildPhase section */

/* Begin PBXSourcesBuildPhase section */
		4F5B5DBA1AF5FD4300FDC81E /* Sources */ = {
			isa = PBXSourcesBuildPhase;
			buildActionMask = 2147483647;
			files = (
				4F5B5DC61AF5FD4300FDC81E /* JSONVC.swift in Sources */,
				4F5B5DEC1AF6210900FDC81E /* CampusAnnotation.swift in Sources */,
				4F5B5DE61AF5FEE300FDC81E /* MapVC.swift in Sources */,
				4F5B5DC41AF5FD4300FDC81E /* AppDelegate.swift in Sources */,
				4F5B5DE41AF5FED700FDC81E /* XMLVC.swift in Sources */,
				4F5B5DE81AF6018D00FDC81E /* Campus.swift in Sources */,
			);
			runOnlyForDeploymentPostprocessing = 0;
		};
		4F5B5DCF1AF5FD4300FDC81E /* Sources */ = {
			isa = PBXSourcesBuildPhase;
			buildActionMask = 2147483647;
			files = (
				4F5B5DDA1AF5FD4300FDC81E /* JsonXmlParsingTests.swift in Sources */,
			);
			runOnlyForDeploymentPostprocessing = 0;
		};
/* End PBXSourcesBuildPhase section */

/* Begin PBXTargetDependency section */
		4F5B5DD51AF5FD4300FDC81E /* PBXTargetDependency */ = {
			isa = PBXTargetDependency;
			target = 4F5B5DBD1AF5FD4300FDC81E /* JsonXmlParsing */;
			targetProxy = 4F5B5DD41AF5FD4300FDC81E /* PBXContainerItemProxy */;
		};
/* End PBXTargetDependency section */

/* Begin PBXVariantGroup section */
		4F5B5DC71AF5FD4300FDC81E /* Main.storyboard */ = {
			isa = PBXVariantGroup;
			children = (
				4F5B5DC81AF5FD4300FDC81E /* Base */,
			);
			name = Main.storyboard;
			sourceTree = "<group>";
		};
		4F5B5DCC1AF5FD4300FDC81E /* LaunchScreen.xib */ = {
			isa = PBXVariantGroup;
			children = (
				4F5B5DCD1AF5FD4300FDC81E /* Base */,
			);
			name = LaunchScreen.xib;
			sourceTree = "<group>";
		};
/* End PBXVariantGroup section */

/* Begin XCBuildConfiguration section */
		4F5B5DDB1AF5FD4300FDC81E /* Debug */ = {
			isa = XCBuildConfiguration;
			buildSettings = {
				ALWAYS_SEARCH_USER_PATHS = NO;
				CLANG_CXX_LANGUAGE_STANDARD = "gnu++0x";
				CLANG_CXX_LIBRARY = "libc++";
				CLANG_ENABLE_MODULES = YES;
				CLANG_ENABLE_OBJC_ARC = YES;
				CLANG_WARN_BOOL_CONVERSION = YES;
				CLANG_WARN_CONSTANT_CONVERSION = YES;
				CLANG_WARN_DIRECT_OBJC_ISA_USAGE = YES_ERROR;
				CLANG_WARN_EMPTY_BODY = YES;
				CLANG_WARN_ENUM_CONVERSION = YES;
				CLANG_WARN_INT_CONVERSION = YES;
				CLANG_WARN_OBJC_ROOT_CLASS = YES_ERROR;
				CLANG_WARN_UNREACHABLE_CODE = YES;
				CLANG_WARN__DUPLICATE_METHOD_MATCH = YES;
				"CODE_SIGN_IDENTITY[sdk=iphoneos*]" = "iPhone Developer";
				COPY_PHASE_STRIP = NO;
				DEBUG_INFORMATION_FORMAT = "dwarf-with-dsym";
				ENABLE_STRICT_OBJC_MSGSEND = YES;
				GCC_C_LANGUAGE_STANDARD = gnu99;
				GCC_DYNAMIC_NO_PIC = NO;
				GCC_NO_COMMON_BLOCKS = YES;
				GCC_OPTIMIZATION_LEVEL = 0;
				GCC_PREPROCESSOR_DEFINITIONS = (
					"DEBUG=1",
					"$(inherited)",
				);
				GCC_SYMBOLS_PRIVATE_EXTERN = NO;
				GCC_WARN_64_TO_32_BIT_CONVERSION = YES;
				GCC_WARN_ABOUT_RETURN_TYPE = YES_ERROR;
				GCC_WARN_UNDECLARED_SELECTOR = YES;
				GCC_WARN_UNINITIALIZED_AUTOS = YES_AGGRESSIVE;
				GCC_WARN_UNUSED_FUNCTION = YES;
				GCC_WARN_UNUSED_VARIABLE = YES;
				IPHONEOS_DEPLOYMENT_TARGET = 8.3;
				MTL_ENABLE_DEBUG_INFO = YES;
				ONLY_ACTIVE_ARCH = YES;
				SDKROOT = iphoneos;
				SWIFT_OPTIMIZATION_LEVEL = "-Onone";
			};
			name = Debug;
		};
		4F5B5DDC1AF5FD4300FDC81E /* Release */ = {
			isa = XCBuildConfiguration;
			buildSettings = {
				ALWAYS_SEARCH_USER_PATHS = NO;
				CLANG_CXX_LANGUAGE_STANDARD = "gnu++0x";
				CLANG_CXX_LIBRARY = "libc++";
				CLANG_ENABLE_MODULES = YES;
				CLANG_ENABLE_OBJC_ARC = YES;
				CLANG_WARN_BOOL_CONVERSION = YES;
				CLANG_WARN_CONSTANT_CONVERSION = YES;
				CLANG_WARN_DIRECT_OBJC_ISA_USAGE = YES_ERROR;
				CLANG_WARN_EMPTY_BODY = YES;
				CLANG_WARN_ENUM_CONVERSION = YES;
				CLANG_WARN_INT_CONVERSION = YES;
				CLANG_WARN_OBJC_ROOT_CLASS = YES_ERROR;
				CLANG_WARN_UNREACHABLE_CODE = YES;
				CLANG_WARN__DUPLICATE_METHOD_MATCH = YES;
				"CODE_SIGN_IDENTITY[sdk=iphoneos*]" = "iPhone Developer";
				COPY_PHASE_STRIP = NO;
				DEBUG_INFORMATION_FORMAT = "dwarf-with-dsym";
				ENABLE_NS_ASSERTIONS = NO;
				ENABLE_STRICT_OBJC_MSGSEND = YES;
				GCC_C_LANGUAGE_STANDARD = gnu99;
				GCC_NO_COMMON_BLOCKS = YES;
				GCC_WARN_64_TO_32_BIT_CONVERSION = YES;
				GCC_WARN_ABOUT_RETURN_TYPE = YES_ERROR;
				GCC_WARN_UNDECLARED_SELECTOR = YES;
				GCC_WARN_UNINITIALIZED_AUTOS = YES_AGGRESSIVE;
				GCC_WARN_UNUSED_FUNCTION = YES;
				GCC_WARN_UNUSED_VARIABLE = YES;
				IPHONEOS_DEPLOYMENT_TARGET = 8.3;
				MTL_ENABLE_DEBUG_INFO = NO;
				SDKROOT = iphoneos;
				VALIDATE_PRODUCT = YES;
			};
			name = Release;
		};
		4F5B5DDE1AF5FD4300FDC81E /* Debug */ = {
			isa = XCBuildConfiguration;
			buildSettings = {
				ASSETCATALOG_COMPILER_APPICON_NAME = AppIcon;
				INFOPLIST_FILE = JsonXmlParsing/Info.plist;
				LD_RUNPATH_SEARCH_PATHS = "$(inherited) @executable_path/Frameworks";
				PRODUCT_NAME = "$(TARGET_NAME)";
			};
			name = Debug;
		};
		4F5B5DDF1AF5FD4300FDC81E /* Release */ = {
			isa = XCBuildConfiguration;
			buildSettings = {
				ASSETCATALOG_COMPILER_APPICON_NAME = AppIcon;
				INFOPLIST_FILE = JsonXmlParsing/Info.plist;
				LD_RUNPATH_SEARCH_PATHS = "$(inherited) @executable_path/Frameworks";
				PRODUCT_NAME = "$(TARGET_NAME)";
			};
			name = Release;
		};
		4F5B5DE11AF5FD4300FDC81E /* Debug */ = {
			isa = XCBuildConfiguration;
			buildSettings = {
				BUNDLE_LOADER = "$(TEST_HOST)";
				FRAMEWORK_SEARCH_PATHS = (
					"$(SDKROOT)/Developer/Library/Frameworks",
					"$(inherited)",
				);
				GCC_PREPROCESSOR_DEFINITIONS = (
					"DEBUG=1",
					"$(inherited)",
				);
				INFOPLIST_FILE = JsonXmlParsingTests/Info.plist;
				LD_RUNPATH_SEARCH_PATHS = "$(inherited) @executable_path/Frameworks @loader_path/Frameworks";
				PRODUCT_NAME = "$(TARGET_NAME)";
				TEST_HOST = "$(BUILT_PRODUCTS_DIR)/JsonXmlParsing.app/JsonXmlParsing";
			};
			name = Debug;
		};
		4F5B5DE21AF5FD4300FDC81E /* Release */ = {
			isa = XCBuildConfiguration;
			buildSettings = {
				BUNDLE_LOADER = "$(TEST_HOST)";
				FRAMEWORK_SEARCH_PATHS = (
					"$(SDKROOT)/Developer/Library/Frameworks",
					"$(inherited)",
				);
				INFOPLIST_FILE = JsonXmlParsingTests/Info.plist;
				LD_RUNPATH_SEARCH_PATHS = "$(inherited) @executable_path/Frameworks @loader_path/Frameworks";
				PRODUCT_NAME = "$(TARGET_NAME)";
				TEST_HOST = "$(BUILT_PRODUCTS_DIR)/JsonXmlParsing.app/JsonXmlParsing";
			};
			name = Release;
		};
/* End XCBuildConfiguration section */

/* Begin XCConfigurationList section */
		4F5B5DB91AF5FD4300FDC81E /* Build configuration list for PBXProject "JsonXmlParsing" */ = {
			isa = XCConfigurationList;
			buildConfigurations = (
				4F5B5DDB1AF5FD4300FDC81E /* Debug */,
				4F5B5DDC1AF5FD4300FDC81E /* Release */,
			);
			defaultConfigurationIsVisible = 0;
			defaultConfigurationName = Release;
		};
		4F5B5DDD1AF5FD4300FDC81E /* Build configuration list for PBXNativeTarget "JsonXmlParsing" */ = {
			isa = XCConfigurationList;
			buildConfigurations = (
				4F5B5DDE1AF5FD4300FDC81E /* Debug */,
				4F5B5DDF1AF5FD4300FDC81E /* Release */,
			);
			defaultConfigurationIsVisible = 0;
			defaultConfigurationName = Release;
		};
		4F5B5DE01AF5FD4300FDC81E /* Build configuration list for PBXNativeTarget "JsonXmlParsingTests" */ = {
			isa = XCConfigurationList;
			buildConfigurations = (
				4F5B5DE11AF5FD4300FDC81E /* Debug */,
				4F5B5DE21AF5FD4300FDC81E /* Release */,
			);
			defaultConfigurationIsVisible = 0;
			defaultConfigurationName = Release;
		};
/* End XCConfigurationList section */
	};
	rootObject = 4F5B5DB61AF5FD4300FDC81E /* Project object */;
}
