// !$*UTF8*$!
{
	archiveVersion = 1;
	classes = {
	};
	objectVersion = 46;
	objects = {

/* Begin PBXBuildFile section */
		4F508AA71AC6942C0046C94A /* AppDelegate.swift in Sources */ = {isa = PBXBuildFile; fileRef = 4F508AA61AC6942C0046C94A /* AppDelegate.swift */; };
		4F508AA91AC6942C0046C94A /* ViewController.swift in Sources */ = {isa = PBXBuildFile; fileRef = 4F508AA81AC6942C0046C94A /* ViewController.swift */; };
		4F508AAC1AC6942C0046C94A /* Main.storyboard in Resources */ = {isa = PBXBuildFile; fileRef = 4F508AAA1AC6942C0046C94A /* Main.storyboard */; };
		4F508AAE1AC6942C0046C94A /* Images.xcassets in Resources */ = {isa = PBXBuildFile; fileRef = 4F508AAD1AC6942C0046C94A /* Images.xcassets */; };
		4F508AB11AC6942C0046C94A /* LaunchScreen.xib in Resources */ = {isa = PBXBuildFile; fileRef = 4F508AAF1AC6942C0046C94A /* LaunchScreen.xib */; };
		4F508ABD1AC6942D0046C94A /* CollectionViewTests.swift in Sources */ = {isa = PBXBuildFile; fileRef = 4F508ABC1AC6942D0046C94A /* CollectionViewTests.swift */; };
		4F508AC71AC69DE30046C94A /* SocialCell.swift in Sources */ = {isa = PBXBuildFile; fileRef = 4F508AC61AC69DE30046C94A /* SocialCell.swift */; };
/* End PBXBuildFile section */

/* Begin PBXContainerItemProxy section */
		4F508AB71AC6942D0046C94A /* PBXContainerItemProxy */ = {
			isa = PBXContainerItemProxy;
			containerPortal = 4F508A991AC6942C0046C94A /* Project object */;
			proxyType = 1;
			remoteGlobalIDString = 4F508AA01AC6942C0046C94A;
			remoteInfo = CollectionView;
		};
/* End PBXContainerItemProxy section */

/* Begin PBXFileReference section */
		4F508AA11AC6942C0046C94A /* CollectionView.app */ = {isa = PBXFileReference; explicitFileType = wrapper.application; includeInIndex = 0; path = CollectionView.app; sourceTree = BUILT_PRODUCTS_DIR; };
		4F508AA51AC6942C0046C94A /* Info.plist */ = {isa = PBXFileReference; lastKnownFileType = text.plist.xml; path = Info.plist; sourceTree = "<group>"; };
		4F508AA61AC6942C0046C94A /* AppDelegate.swift */ = {isa = PBXFileReference; lastKnownFileType = sourcecode.swift; path = AppDelegate.swift; sourceTree = "<group>"; };
		4F508AA81AC6942C0046C94A /* ViewController.swift */ = {isa = PBXFileReference; lastKnownFileType = sourcecode.swift; path = ViewController.swift; sourceTree = "<group>"; };
		4F508AAB1AC6942C0046C94A /* Base */ = {isa = PBXFileReference; lastKnownFileType = file.storyboard; name = Base; path = Base.lproj/Main.storyboard; sourceTree = "<group>"; };
		4F508AAD1AC6942C0046C94A /* Images.xcassets */ = {isa = PBXFileReference; lastKnownFileType = folder.assetcatalog; path = Images.xcassets; sourceTree = "<group>"; };
		4F508AB01AC6942C0046C94A /* Base */ = {isa = PBXFileReference; lastKnownFileType = file.xib; name = Base; path = Base.lproj/LaunchScreen.xib; sourceTree = "<group>"; };
		4F508AB61AC6942D0046C94A /* CollectionViewTests.xctest */ = {isa = PBXFileReference; explicitFileType = wrapper.cfbundle; includeInIndex = 0; path = CollectionViewTests.xctest; sourceTree = BUILT_PRODUCTS_DIR; };
		4F508ABB1AC6942D0046C94A /* Info.plist */ = {isa = PBXFileReference; lastKnownFileType = text.plist.xml; path = Info.plist; sourceTree = "<group>"; };
		4F508ABC1AC6942D0046C94A /* CollectionViewTests.swift */ = {isa = PBXFileReference; lastKnownFileType = sourcecode.swift; path = CollectionViewTests.swift; sourceTree = "<group>"; };
		4F508AC61AC69DE30046C94A /* SocialCell.swift */ = {isa = PBXFileReference; fileEncoding = 4; lastKnownFileType = sourcecode.swift; path = SocialCell.swift; sourceTree = "<group>"; };
/* End PBXFileReference section */

/* Begin PBXFrameworksBuildPhase section */
		4F508A9E1AC6942C0046C94A /* Frameworks */ = {
			isa = PBXFrameworksBuildPhase;
			buildActionMask = 2147483647;
			files = (
			);
			runOnlyForDeploymentPostprocessing = 0;
		};
		4F508AB31AC6942D0046C94A /* Frameworks */ = {
			isa = PBXFrameworksBuildPhase;
			buildActionMask = 2147483647;
			files = (
			);
			runOnlyForDeploymentPostprocessing = 0;
		};
/* End PBXFrameworksBuildPhase section */

/* Begin PBXGroup section */
		4F508A981AC6942C0046C94A = {
			isa = PBXGroup;
			children = (
				4F508AA31AC6942C0046C94A /* CollectionView */,
				4F508AB91AC6942D0046C94A /* CollectionViewTests */,
				4F508AA21AC6942C0046C94A /* Products */,
			);
			sourceTree = "<group>";
		};
		4F508AA21AC6942C0046C94A /* Products */ = {
			isa = PBXGroup;
			children = (
				4F508AA11AC6942C0046C94A /* CollectionView.app */,
				4F508AB61AC6942D0046C94A /* CollectionViewTests.xctest */,
			);
			name = Products;
			sourceTree = "<group>";
		};
		4F508AA31AC6942C0046C94A /* CollectionView */ = {
			isa = PBXGroup;
			children = (
				4F508AA61AC6942C0046C94A /* AppDelegate.swift */,
				4F508AA81AC6942C0046C94A /* ViewController.swift */,
				4F508AC61AC69DE30046C94A /* SocialCell.swift */,
				4F508AAA1AC6942C0046C94A /* Main.storyboard */,
				4F508AAD1AC6942C0046C94A /* Images.xcassets */,
				4F508AAF1AC6942C0046C94A /* LaunchScreen.xib */,
				4F508AA41AC6942C0046C94A /* Supporting Files */,
			);
			path = CollectionView;
			sourceTree = "<group>";
		};
		4F508AA41AC6942C0046C94A /* Supporting Files */ = {
			isa = PBXGroup;
			children = (
				4F508AA51AC6942C0046C94A /* Info.plist */,
			);
			name = "Supporting Files";
			sourceTree = "<group>";
		};
		4F508AB91AC6942D0046C94A /* CollectionViewTests */ = {
			isa = PBXGroup;
			children = (
				4F508ABC1AC6942D0046C94A /* CollectionViewTests.swift */,
				4F508ABA1AC6942D0046C94A /* Supporting Files */,
			);
			path = CollectionViewTests;
			sourceTree = "<group>";
		};
		4F508ABA1AC6942D0046C94A /* Supporting Files */ = {
			isa = PBXGroup;
			children = (
				4F508ABB1AC6942D0046C94A /* Info.plist */,
			);
			name = "Supporting Files";
			sourceTree = "<group>";
		};
/* End PBXGroup section */

/* Begin PBXNativeTarget section */
		4F508AA01AC6942C0046C94A /* CollectionView */ = {
			isa = PBXNativeTarget;
			buildConfigurationList = 4F508AC01AC6942D0046C94A /* Build configuration list for PBXNativeTarget "CollectionView" */;
			buildPhases = (
				4F508A9D1AC6942C0046C94A /* Sources */,
				4F508A9E1AC6942C0046C94A /* Frameworks */,
				4F508A9F1AC6942C0046C94A /* Resources */,
			);
			buildRules = (
			);
			dependencies = (
			);
			name = CollectionView;
			productName = CollectionView;
			productReference = 4F508AA11AC6942C0046C94A /* CollectionView.app */;
			productType = "com.apple.product-type.application";
		};
		4F508AB51AC6942D0046C94A /* CollectionViewTests */ = {
			isa = PBXNativeTarget;
			buildConfigurationList = 4F508AC31AC6942D0046C94A /* Build configuration list for PBXNativeTarget "CollectionViewTests" */;
			buildPhases = (
				4F508AB21AC6942D0046C94A /* Sources */,
				4F508AB31AC6942D0046C94A /* Frameworks */,
				4F508AB41AC6942D0046C94A /* Resources */,
			);
			buildRules = (
			);
			dependencies = (
				4F508AB81AC6942D0046C94A /* PBXTargetDependency */,
			);
			name = CollectionViewTests;
			productName = CollectionViewTests;
			productReference = 4F508AB61AC6942D0046C94A /* CollectionViewTests.xctest */;
			productType = "com.apple.product-type.bundle.unit-test";
		};
/* End PBXNativeTarget section */

/* Begin PBXProject section */
		4F508A991AC6942C0046C94A /* Project object */ = {
			isa = PBXProject;
			attributes = {
				LastUpgradeCheck = 0620;
				ORGANIZATIONNAME = Wissen;
				TargetAttributes = {
					4F508AA01AC6942C0046C94A = {
						CreatedOnToolsVersion = 6.2;
					};
					4F508AB51AC6942D0046C94A = {
						CreatedOnToolsVersion = 6.2;
						TestTargetID = 4F508AA01AC6942C0046C94A;
					};
				};
			};
			buildConfigurationList = 4F508A9C1AC6942C0046C94A /* Build configuration list for PBXProject "CollectionView" */;
			compatibilityVersion = "Xcode 3.2";
			developmentRegion = English;
			hasScannedForEncodings = 0;
			knownRegions = (
				en,
				Base,
			);
			mainGroup = 4F508A981AC6942C0046C94A;
			productRefGroup = 4F508AA21AC6942C0046C94A /* Products */;
			projectDirPath = "";
			projectRoot = "";
			targets = (
				4F508AA01AC6942C0046C94A /* CollectionView */,
				4F508AB51AC6942D0046C94A /* CollectionViewTests */,
			);
		};
/* End PBXProject section */

/* Begin PBXResourcesBuildPhase section */
		4F508A9F1AC6942C0046C94A /* Resources */ = {
			isa = PBXResourcesBuildPhase;
			buildActionMask = 2147483647;
			files = (
				4F508AAC1AC6942C0046C94A /* Main.storyboard in Resources */,
				4F508AB11AC6942C0046C94A /* LaunchScreen.xib in Resources */,
				4F508AAE1AC6942C0046C94A /* Images.xcassets in Resources */,
			);
			runOnlyForDeploymentPostprocessing = 0;
		};
		4F508AB41AC6942D0046C94A /* Resources */ = {
			isa = PBXResourcesBuildPhase;
			buildActionMask = 2147483647;
			files = (
			);
			runOnlyForDeploymentPostprocessing = 0;
		};
/* End PBXResourcesBuildPhase section */

/* Begin PBXSourcesBuildPhase section */
		4F508A9D1AC6942C0046C94A /* Sources */ = {
			isa = PBXSourcesBuildPhase;
			buildActionMask = 2147483647;
			files = (
				4F508AC71AC69DE30046C94A /* SocialCell.swift in Sources */,
				4F508AA91AC6942C0046C94A /* ViewController.swift in Sources */,
				4F508AA71AC6942C0046C94A /* AppDelegate.swift in Sources */,
			);
			runOnlyForDeploymentPostprocessing = 0;
		};
		4F508AB21AC6942D0046C94A /* Sources */ = {
			isa = PBXSourcesBuildPhase;
			buildActionMask = 2147483647;
			files = (
				4F508ABD1AC6942D0046C94A /* CollectionViewTests.swift in Sources */,
			);
			runOnlyForDeploymentPostprocessing = 0;
		};
/* End PBXSourcesBuildPhase section */

/* Begin PBXTargetDependency section */
		4F508AB81AC6942D0046C94A /* PBXTargetDependency */ = {
			isa = PBXTargetDependency;
			target = 4F508AA01AC6942C0046C94A /* CollectionView */;
			targetProxy = 4F508AB71AC6942D0046C94A /* PBXContainerItemProxy */;
		};
/* End PBXTargetDependency section */

/* Begin PBXVariantGroup section */
		4F508AAA1AC6942C0046C94A /* Main.storyboard */ = {
			isa = PBXVariantGroup;
			children = (
				4F508AAB1AC6942C0046C94A /* Base */,
			);
			name = Main.storyboard;
			sourceTree = "<group>";
		};
		4F508AAF1AC6942C0046C94A /* LaunchScreen.xib */ = {
			isa = PBXVariantGroup;
			children = (
				4F508AB01AC6942C0046C94A /* Base */,
			);
			name = LaunchScreen.xib;
			sourceTree = "<group>";
		};
/* End PBXVariantGroup section */

/* Begin XCBuildConfiguration section */
		4F508ABE1AC6942D0046C94A /* Debug */ = {
			isa = XCBuildConfiguration;
			buildSettings = {
				ALWAYS_SEARCH_USER_PATHS = NO;
				CLANG_CXX_LANGUAGE_STANDARD = "gnu++0x";
				CLANG_CXX_LIBRARY = "libc++";
				CLANG_ENABLE_MODULES = YES;
				CLANG_ENABLE_OBJC_ARC = YES;
				CLANG_WARN_BOOL_CONVERSION = YES;
				CLANG_WARN_CONSTANT_CONVERSION = YES;
				CLANG_WARN_DIRECT_OBJC_ISA_USAGE = YES_ERROR;
				CLANG_WARN_EMPTY_BODY = YES;
				CLANG_WARN_ENUM_CONVERSION = YES;
				CLANG_WARN_INT_CONVERSION = YES;
				CLANG_WARN_OBJC_ROOT_CLASS = YES_ERROR;
				CLANG_WARN_UNREACHABLE_CODE = YES;
				CLANG_WARN__DUPLICATE_METHOD_MATCH = YES;
				"CODE_SIGN_IDENTITY[sdk=iphoneos*]" = "iPhone Developer";
				COPY_PHASE_STRIP = NO;
				ENABLE_STRICT_OBJC_MSGSEND = YES;
				GCC_C_LANGUAGE_STANDARD = gnu99;
				GCC_DYNAMIC_NO_PIC = NO;
				GCC_OPTIMIZATION_LEVEL = 0;
				GCC_PREPROCESSOR_DEFINITIONS = (
					"DEBUG=1",
					"$(inherited)",
				);
				GCC_SYMBOLS_PRIVATE_EXTERN = NO;
				GCC_WARN_64_TO_32_BIT_CONVERSION = YES;
				GCC_WARN_ABOUT_RETURN_TYPE = YES_ERROR;
				GCC_WARN_UNDECLARED_SELECTOR = YES;
				GCC_WARN_UNINITIALIZED_AUTOS = YES_AGGRESSIVE;
				GCC_WARN_UNUSED_FUNCTION = YES;
				GCC_WARN_UNUSED_VARIABLE = YES;
				IPHONEOS_DEPLOYMENT_TARGET = 8.2;
				MTL_ENABLE_DEBUG_INFO = YES;
				ONLY_ACTIVE_ARCH = YES;
				SDKROOT = iphoneos;
				SWIFT_OPTIMIZATION_LEVEL = "-Onone";
				TARGETED_DEVICE_FAMILY = "1,2";
			};
			name = Debug;
		};
		4F508ABF1AC6942D0046C94A /* Release */ = {
			isa = XCBuildConfiguration;
			buildSettings = {
				ALWAYS_SEARCH_USER_PATHS = NO;
				CLANG_CXX_LANGUAGE_STANDARD = "gnu++0x";
				CLANG_CXX_LIBRARY = "libc++";
				CLANG_ENABLE_MODULES = YES;
				CLANG_ENABLE_OBJC_ARC = YES;
				CLANG_WARN_BOOL_CONVERSION = YES;
				CLANG_WARN_CONSTANT_CONVERSION = YES;
				CLANG_WARN_DIRECT_OBJC_ISA_USAGE = YES_ERROR;
				CLANG_WARN_EMPTY_BODY = YES;
				CLANG_WARN_ENUM_CONVERSION = YES;
				CLANG_WARN_INT_CONVERSION = YES;
				CLANG_WARN_OBJC_ROOT_CLASS = YES_ERROR;
				CLANG_WARN_UNREACHABLE_CODE = YES;
				CLANG_WARN__DUPLICATE_METHOD_MATCH = YES;
				"CODE_SIGN_IDENTITY[sdk=iphoneos*]" = "iPhone Developer";
				COPY_PHASE_STRIP = NO;
				ENABLE_NS_ASSERTIONS = NO;
				ENABLE_STRICT_OBJC_MSGSEND = YES;
				GCC_C_LANGUAGE_STANDARD = gnu99;
				GCC_WARN_64_TO_32_BIT_CONVERSION = YES;
				GCC_WARN_ABOUT_RETURN_TYPE = YES_ERROR;
				GCC_WARN_UNDECLARED_SELECTOR = YES;
				GCC_WARN_UNINITIALIZED_AUTOS = YES_AGGRESSIVE;
				GCC_WARN_UNUSED_FUNCTION = YES;
				GCC_WARN_UNUSED_VARIABLE = YES;
				IPHONEOS_DEPLOYMENT_TARGET = 8.2;
				MTL_ENABLE_DEBUG_INFO = NO;
				SDKROOT = iphoneos;
				TARGETED_DEVICE_FAMILY = "1,2";
				VALIDATE_PRODUCT = YES;
			};
			name = Release;
		};
		4F508AC11AC6942D0046C94A /* Debug */ = {
			isa = XCBuildConfiguration;
			buildSettings = {
				ASSETCATALOG_COMPILER_APPICON_NAME = AppIcon;
				INFOPLIST_FILE = CollectionView/Info.plist;
				LD_RUNPATH_SEARCH_PATHS = "$(inherited) @executable_path/Frameworks";
				PRODUCT_NAME = "$(TARGET_NAME)";
			};
			name = Debug;
		};
		4F508AC21AC6942D0046C94A /* Release */ = {
			isa = XCBuildConfiguration;
			buildSettings = {
				ASSETCATALOG_COMPILER_APPICON_NAME = AppIcon;
				INFOPLIST_FILE = CollectionView/Info.plist;
				LD_RUNPATH_SEARCH_PATHS = "$(inherited) @executable_path/Frameworks";
				PRODUCT_NAME = "$(TARGET_NAME)";
			};
			name = Release;
		};
		4F508AC41AC6942D0046C94A /* Debug */ = {
			isa = XCBuildConfiguration;
			buildSettings = {
				BUNDLE_LOADER = "$(TEST_HOST)";
				FRAMEWORK_SEARCH_PATHS = (
					"$(SDKROOT)/Developer/Library/Frameworks",
					"$(inherited)",
				);
				GCC_PREPROCESSOR_DEFINITIONS = (
					"DEBUG=1",
					"$(inherited)",
				);
				INFOPLIST_FILE = CollectionViewTests/Info.plist;
				LD_RUNPATH_SEARCH_PATHS = "$(inherited) @executable_path/Frameworks @loader_path/Frameworks";
				PRODUCT_NAME = "$(TARGET_NAME)";
				TEST_HOST = "$(BUILT_PRODUCTS_DIR)/CollectionView.app/CollectionView";
			};
			name = Debug;
		};
		4F508AC51AC6942D0046C94A /* Release */ = {
			isa = XCBuildConfiguration;
			buildSettings = {
				BUNDLE_LOADER = "$(TEST_HOST)";
				FRAMEWORK_SEARCH_PATHS = (
					"$(SDKROOT)/Developer/Library/Frameworks",
					"$(inherited)",
				);
				INFOPLIST_FILE = CollectionViewTests/Info.plist;
				LD_RUNPATH_SEARCH_PATHS = "$(inherited) @executable_path/Frameworks @loader_path/Frameworks";
				PRODUCT_NAME = "$(TARGET_NAME)";
				TEST_HOST = "$(BUILT_PRODUCTS_DIR)/CollectionView.app/CollectionView";
			};
			name = Release;
		};
/* End XCBuildConfiguration section */

/* Begin XCConfigurationList section */
		4F508A9C1AC6942C0046C94A /* Build configuration list for PBXProject "CollectionView" */ = {
			isa = XCConfigurationList;
			buildConfigurations = (
				4F508ABE1AC6942D0046C94A /* Debug */,
				4F508ABF1AC6942D0046C94A /* Release */,
			);
			defaultConfigurationIsVisible = 0;
			defaultConfigurationName = Release;
		};
		4F508AC01AC6942D0046C94A /* Build configuration list for PBXNativeTarget "CollectionView" */ = {
			isa = XCConfigurationList;
			buildConfigurations = (
				4F508AC11AC6942D0046C94A /* Debug */,
				4F508AC21AC6942D0046C94A /* Release */,
			);
			defaultConfigurationIsVisible = 0;
		};
		4F508AC31AC6942D0046C94A /* Build configuration list for PBXNativeTarget "CollectionViewTests" */ = {
			isa = XCConfigurationList;
			buildConfigurations = (
				4F508AC41AC6942D0046C94A /* Debug */,
				4F508AC51AC6942D0046C94A /* Release */,
			);
			defaultConfigurationIsVisible = 0;
		};
/* End XCConfigurationList section */
	};
	rootObject = 4F508A991AC6942C0046C94A /* Project object */;
}
