// !$*UTF8*$!
{
	archiveVersion = 1;
	classes = {
	};
	objectVersion = 46;
	objects = {

/* Begin PBXBuildFile section */
		4FFA82DD1AC6C2E20064EEE2 /* AppDelegate.swift in Sources */ = {isa = PBXBuildFile; fileRef = 4FFA82DC1AC6C2E20064EEE2 /* AppDelegate.swift */; };
		4FFA82E21AC6C2E20064EEE2 /* Main.storyboard in Resources */ = {isa = PBXBuildFile; fileRef = 4FFA82E01AC6C2E20064EEE2 /* Main.storyboard */; };
		4FFA82E41AC6C2E20064EEE2 /* Images.xcassets in Resources */ = {isa = PBXBuildFile; fileRef = 4FFA82E31AC6C2E20064EEE2 /* Images.xcassets */; };
		4FFA82E71AC6C2E20064EEE2 /* LaunchScreen.xib in Resources */ = {isa = PBXBuildFile; fileRef = 4FFA82E51AC6C2E20064EEE2 /* LaunchScreen.xib */; };
		4FFA82F31AC6C2E20064EEE2 /* TabbarTests.swift in Sources */ = {isa = PBXBuildFile; fileRef = 4FFA82F21AC6C2E20064EEE2 /* TabbarTests.swift */; };
		4FFA82FD1AC6C4EE0064EEE2 /* HomeVC.swift in Sources */ = {isa = PBXBuildFile; fileRef = 4FFA82FC1AC6C4EE0064EEE2 /* HomeVC.swift */; };
		4FFA82FF1AC6C4F80064EEE2 /* SettingsVC.swift in Sources */ = {isa = PBXBuildFile; fileRef = 4FFA82FE1AC6C4F80064EEE2 /* SettingsVC.swift */; };
/* End PBXBuildFile section */

/* Begin PBXContainerItemProxy section */
		4FFA82ED1AC6C2E20064EEE2 /* PBXContainerItemProxy */ = {
			isa = PBXContainerItemProxy;
			containerPortal = 4FFA82CF1AC6C2E20064EEE2 /* Project object */;
			proxyType = 1;
			remoteGlobalIDString = 4FFA82D61AC6C2E20064EEE2;
			remoteInfo = Tabbar;
		};
/* End PBXContainerItemProxy section */

/* Begin PBXFileReference section */
		4FFA82D71AC6C2E20064EEE2 /* Tabbar.app */ = {isa = PBXFileReference; explicitFileType = wrapper.application; includeInIndex = 0; path = Tabbar.app; sourceTree = BUILT_PRODUCTS_DIR; };
		4FFA82DB1AC6C2E20064EEE2 /* Info.plist */ = {isa = PBXFileReference; lastKnownFileType = text.plist.xml; path = Info.plist; sourceTree = "<group>"; };
		4FFA82DC1AC6C2E20064EEE2 /* AppDelegate.swift */ = {isa = PBXFileReference; lastKnownFileType = sourcecode.swift; path = AppDelegate.swift; sourceTree = "<group>"; };
		4FFA82E11AC6C2E20064EEE2 /* Base */ = {isa = PBXFileReference; lastKnownFileType = file.storyboard; name = Base; path = Base.lproj/Main.storyboard; sourceTree = "<group>"; };
		4FFA82E31AC6C2E20064EEE2 /* Images.xcassets */ = {isa = PBXFileReference; lastKnownFileType = folder.assetcatalog; path = Images.xcassets; sourceTree = "<group>"; };
		4FFA82E61AC6C2E20064EEE2 /* Base */ = {isa = PBXFileReference; lastKnownFileType = file.xib; name = Base; path = Base.lproj/LaunchScreen.xib; sourceTree = "<group>"; };
		4FFA82EC1AC6C2E20064EEE2 /* TabbarTests.xctest */ = {isa = PBXFileReference; explicitFileType = wrapper.cfbundle; includeInIndex = 0; path = TabbarTests.xctest; sourceTree = BUILT_PRODUCTS_DIR; };
		4FFA82F11AC6C2E20064EEE2 /* Info.plist */ = {isa = PBXFileReference; lastKnownFileType = text.plist.xml; path = Info.plist; sourceTree = "<group>"; };
		4FFA82F21AC6C2E20064EEE2 /* TabbarTests.swift */ = {isa = PBXFileReference; lastKnownFileType = sourcecode.swift; path = TabbarTests.swift; sourceTree = "<group>"; };
		4FFA82FC1AC6C4EE0064EEE2 /* HomeVC.swift */ = {isa = PBXFileReference; fileEncoding = 4; lastKnownFileType = sourcecode.swift; path = HomeVC.swift; sourceTree = "<group>"; };
		4FFA82FE1AC6C4F80064EEE2 /* SettingsVC.swift */ = {isa = PBXFileReference; fileEncoding = 4; lastKnownFileType = sourcecode.swift; path = SettingsVC.swift; sourceTree = "<group>"; };
/* End PBXFileReference section */

/* Begin PBXFrameworksBuildPhase section */
		4FFA82D41AC6C2E20064EEE2 /* Frameworks */ = {
			isa = PBXFrameworksBuildPhase;
			buildActionMask = 2147483647;
			files = (
			);
			runOnlyForDeploymentPostprocessing = 0;
		};
		4FFA82E91AC6C2E20064EEE2 /* Frameworks */ = {
			isa = PBXFrameworksBuildPhase;
			buildActionMask = 2147483647;
			files = (
			);
			runOnlyForDeploymentPostprocessing = 0;
		};
/* End PBXFrameworksBuildPhase section */

/* Begin PBXGroup section */
		4FFA82CE1AC6C2E20064EEE2 = {
			isa = PBXGroup;
			children = (
				4FFA82D91AC6C2E20064EEE2 /* Tabbar */,
				4FFA82EF1AC6C2E20064EEE2 /* TabbarTests */,
				4FFA82D81AC6C2E20064EEE2 /* Products */,
			);
			sourceTree = "<group>";
		};
		4FFA82D81AC6C2E20064EEE2 /* Products */ = {
			isa = PBXGroup;
			children = (
				4FFA82D71AC6C2E20064EEE2 /* Tabbar.app */,
				4FFA82EC1AC6C2E20064EEE2 /* TabbarTests.xctest */,
			);
			name = Products;
			sourceTree = "<group>";
		};
		4FFA82D91AC6C2E20064EEE2 /* Tabbar */ = {
			isa = PBXGroup;
			children = (
				4FFA82DC1AC6C2E20064EEE2 /* AppDelegate.swift */,
				4FFA82FC1AC6C4EE0064EEE2 /* HomeVC.swift */,
				4FFA82FE1AC6C4F80064EEE2 /* SettingsVC.swift */,
				4FFA82E01AC6C2E20064EEE2 /* Main.storyboard */,
				4FFA82E31AC6C2E20064EEE2 /* Images.xcassets */,
				4FFA82E51AC6C2E20064EEE2 /* LaunchScreen.xib */,
				4FFA82DA1AC6C2E20064EEE2 /* Supporting Files */,
			);
			path = Tabbar;
			sourceTree = "<group>";
		};
		4FFA82DA1AC6C2E20064EEE2 /* Supporting Files */ = {
			isa = PBXGroup;
			children = (
				4FFA82DB1AC6C2E20064EEE2 /* Info.plist */,
			);
			name = "Supporting Files";
			sourceTree = "<group>";
		};
		4FFA82EF1AC6C2E20064EEE2 /* TabbarTests */ = {
			isa = PBXGroup;
			children = (
				4FFA82F21AC6C2E20064EEE2 /* TabbarTests.swift */,
				4FFA82F01AC6C2E20064EEE2 /* Supporting Files */,
			);
			path = TabbarTests;
			sourceTree = "<group>";
		};
		4FFA82F01AC6C2E20064EEE2 /* Supporting Files */ = {
			isa = PBXGroup;
			children = (
				4FFA82F11AC6C2E20064EEE2 /* Info.plist */,
			);
			name = "Supporting Files";
			sourceTree = "<group>";
		};
/* End PBXGroup section */

/* Begin PBXNativeTarget section */
		4FFA82D61AC6C2E20064EEE2 /* Tabbar */ = {
			isa = PBXNativeTarget;
			buildConfigurationList = 4FFA82F61AC6C2E20064EEE2 /* Build configuration list for PBXNativeTarget "Tabbar" */;
			buildPhases = (
				4FFA82D31AC6C2E20064EEE2 /* Sources */,
				4FFA82D41AC6C2E20064EEE2 /* Frameworks */,
				4FFA82D51AC6C2E20064EEE2 /* Resources */,
			);
			buildRules = (
			);
			dependencies = (
			);
			name = Tabbar;
			productName = Tabbar;
			productReference = 4FFA82D71AC6C2E20064EEE2 /* Tabbar.app */;
			productType = "com.apple.product-type.application";
		};
		4FFA82EB1AC6C2E20064EEE2 /* TabbarTests */ = {
			isa = PBXNativeTarget;
			buildConfigurationList = 4FFA82F91AC6C2E20064EEE2 /* Build configuration list for PBXNativeTarget "TabbarTests" */;
			buildPhases = (
				4FFA82E81AC6C2E20064EEE2 /* Sources */,
				4FFA82E91AC6C2E20064EEE2 /* Frameworks */,
				4FFA82EA1AC6C2E20064EEE2 /* Resources */,
			);
			buildRules = (
			);
			dependencies = (
				4FFA82EE1AC6C2E20064EEE2 /* PBXTargetDependency */,
			);
			name = TabbarTests;
			productName = TabbarTests;
			productReference = 4FFA82EC1AC6C2E20064EEE2 /* TabbarTests.xctest */;
			productType = "com.apple.product-type.bundle.unit-test";
		};
/* End PBXNativeTarget section */

/* Begin PBXProject section */
		4FFA82CF1AC6C2E20064EEE2 /* Project object */ = {
			isa = PBXProject;
			attributes = {
				LastUpgradeCheck = 0620;
				ORGANIZATIONNAME = Wissen;
				TargetAttributes = {
					4FFA82D61AC6C2E20064EEE2 = {
						CreatedOnToolsVersion = 6.2;
					};
					4FFA82EB1AC6C2E20064EEE2 = {
						CreatedOnToolsVersion = 6.2;
						TestTargetID = 4FFA82D61AC6C2E20064EEE2;
					};
				};
			};
			buildConfigurationList = 4FFA82D21AC6C2E20064EEE2 /* Build configuration list for PBXProject "Tabbar" */;
			compatibilityVersion = "Xcode 3.2";
			developmentRegion = English;
			hasScannedForEncodings = 0;
			knownRegions = (
				en,
				Base,
			);
			mainGroup = 4FFA82CE1AC6C2E20064EEE2;
			productRefGroup = 4FFA82D81AC6C2E20064EEE2 /* Products */;
			projectDirPath = "";
			projectRoot = "";
			targets = (
				4FFA82D61AC6C2E20064EEE2 /* Tabbar */,
				4FFA82EB1AC6C2E20064EEE2 /* TabbarTests */,
			);
		};
/* End PBXProject section */

/* Begin PBXResourcesBuildPhase section */
		4FFA82D51AC6C2E20064EEE2 /* Resources */ = {
			isa = PBXResourcesBuildPhase;
			buildActionMask = 2147483647;
			files = (
				4FFA82E21AC6C2E20064EEE2 /* Main.storyboard in Resources */,
				4FFA82E71AC6C2E20064EEE2 /* LaunchScreen.xib in Resources */,
				4FFA82E41AC6C2E20064EEE2 /* Images.xcassets in Resources */,
			);
			runOnlyForDeploymentPostprocessing = 0;
		};
		4FFA82EA1AC6C2E20064EEE2 /* Resources */ = {
			isa = PBXResourcesBuildPhase;
			buildActionMask = 2147483647;
			files = (
			);
			runOnlyForDeploymentPostprocessing = 0;
		};
/* End PBXResourcesBuildPhase section */

/* Begin PBXSourcesBuildPhase section */
		4FFA82D31AC6C2E20064EEE2 /* Sources */ = {
			isa = PBXSourcesBuildPhase;
			buildActionMask = 2147483647;
			files = (
				4FFA82DD1AC6C2E20064EEE2 /* AppDelegate.swift in Sources */,
				4FFA82FD1AC6C4EE0064EEE2 /* HomeVC.swift in Sources */,
				4FFA82FF1AC6C4F80064EEE2 /* SettingsVC.swift in Sources */,
			);
			runOnlyForDeploymentPostprocessing = 0;
		};
		4FFA82E81AC6C2E20064EEE2 /* Sources */ = {
			isa = PBXSourcesBuildPhase;
			buildActionMask = 2147483647;
			files = (
				4FFA82F31AC6C2E20064EEE2 /* TabbarTests.swift in Sources */,
			);
			runOnlyForDeploymentPostprocessing = 0;
		};
/* End PBXSourcesBuildPhase section */

/* Begin PBXTargetDependency section */
		4FFA82EE1AC6C2E20064EEE2 /* PBXTargetDependency */ = {
			isa = PBXTargetDependency;
			target = 4FFA82D61AC6C2E20064EEE2 /* Tabbar */;
			targetProxy = 4FFA82ED1AC6C2E20064EEE2 /* PBXContainerItemProxy */;
		};
/* End PBXTargetDependency section */

/* Begin PBXVariantGroup section */
		4FFA82E01AC6C2E20064EEE2 /* Main.storyboard */ = {
			isa = PBXVariantGroup;
			children = (
				4FFA82E11AC6C2E20064EEE2 /* Base */,
			);
			name = Main.storyboard;
			sourceTree = "<group>";
		};
		4FFA82E51AC6C2E20064EEE2 /* LaunchScreen.xib */ = {
			isa = PBXVariantGroup;
			children = (
				4FFA82E61AC6C2E20064EEE2 /* Base */,
			);
			name = LaunchScreen.xib;
			sourceTree = "<group>";
		};
/* End PBXVariantGroup section */

/* Begin XCBuildConfiguration section */
		4FFA82F41AC6C2E20064EEE2 /* Debug */ = {
			isa = XCBuildConfiguration;
			buildSettings = {
				ALWAYS_SEARCH_USER_PATHS = NO;
				CLANG_CXX_LANGUAGE_STANDARD = "gnu++0x";
				CLANG_CXX_LIBRARY = "libc++";
				CLANG_ENABLE_MODULES = YES;
				CLANG_ENABLE_OBJC_ARC = YES;
				CLANG_WARN_BOOL_CONVERSION = YES;
				CLANG_WARN_CONSTANT_CONVERSION = YES;
				CLANG_WARN_DIRECT_OBJC_ISA_USAGE = YES_ERROR;
				CLANG_WARN_EMPTY_BODY = YES;
				CLANG_WARN_ENUM_CONVERSION = YES;
				CLANG_WARN_INT_CONVERSION = YES;
				CLANG_WARN_OBJC_ROOT_CLASS = YES_ERROR;
				CLANG_WARN_UNREACHABLE_CODE = YES;
				CLANG_WARN__DUPLICATE_METHOD_MATCH = YES;
				"CODE_SIGN_IDENTITY[sdk=iphoneos*]" = "iPhone Developer";
				COPY_PHASE_STRIP = NO;
				ENABLE_STRICT_OBJC_MSGSEND = YES;
				GCC_C_LANGUAGE_STANDARD = gnu99;
				GCC_DYNAMIC_NO_PIC = NO;
				GCC_OPTIMIZATION_LEVEL = 0;
				GCC_PREPROCESSOR_DEFINITIONS = (
					"DEBUG=1",
					"$(inherited)",
				);
				GCC_SYMBOLS_PRIVATE_EXTERN = NO;
				GCC_WARN_64_TO_32_BIT_CONVERSION = YES;
				GCC_WARN_ABOUT_RETURN_TYPE = YES_ERROR;
				GCC_WARN_UNDECLARED_SELECTOR = YES;
				GCC_WARN_UNINITIALIZED_AUTOS = YES_AGGRESSIVE;
				GCC_WARN_UNUSED_FUNCTION = YES;
				GCC_WARN_UNUSED_VARIABLE = YES;
				IPHONEOS_DEPLOYMENT_TARGET = 8.2;
				MTL_ENABLE_DEBUG_INFO = YES;
				ONLY_ACTIVE_ARCH = YES;
				SDKROOT = iphoneos;
				SWIFT_OPTIMIZATION_LEVEL = "-Onone";
			};
			name = Debug;
		};
		4FFA82F51AC6C2E20064EEE2 /* Release */ = {
			isa = XCBuildConfiguration;
			buildSettings = {
				ALWAYS_SEARCH_USER_PATHS = NO;
				CLANG_CXX_LANGUAGE_STANDARD = "gnu++0x";
				CLANG_CXX_LIBRARY = "libc++";
				CLANG_ENABLE_MODULES = YES;
				CLANG_ENABLE_OBJC_ARC = YES;
				CLANG_WARN_BOOL_CONVERSION = YES;
				CLANG_WARN_CONSTANT_CONVERSION = YES;
				CLANG_WARN_DIRECT_OBJC_ISA_USAGE = YES_ERROR;
				CLANG_WARN_EMPTY_BODY = YES;
				CLANG_WARN_ENUM_CONVERSION = YES;
				CLANG_WARN_INT_CONVERSION = YES;
				CLANG_WARN_OBJC_ROOT_CLASS = YES_ERROR;
				CLANG_WARN_UNREACHABLE_CODE = YES;
				CLANG_WARN__DUPLICATE_METHOD_MATCH = YES;
				"CODE_SIGN_IDENTITY[sdk=iphoneos*]" = "iPhone Developer";
				COPY_PHASE_STRIP = NO;
				ENABLE_NS_ASSERTIONS = NO;
				ENABLE_STRICT_OBJC_MSGSEND = YES;
				GCC_C_LANGUAGE_STANDARD = gnu99;
				GCC_WARN_64_TO_32_BIT_CONVERSION = YES;
				GCC_WARN_ABOUT_RETURN_TYPE = YES_ERROR;
				GCC_WARN_UNDECLARED_SELECTOR = YES;
				GCC_WARN_UNINITIALIZED_AUTOS = YES_AGGRESSIVE;
				GCC_WARN_UNUSED_FUNCTION = YES;
				GCC_WARN_UNUSED_VARIABLE = YES;
				IPHONEOS_DEPLOYMENT_TARGET = 8.2;
				MTL_ENABLE_DEBUG_INFO = NO;
				SDKROOT = iphoneos;
				VALIDATE_PRODUCT = YES;
			};
			name = Release;
		};
		4FFA82F71AC6C2E20064EEE2 /* Debug */ = {
			isa = XCBuildConfiguration;
			buildSettings = {
				ASSETCATALOG_COMPILER_APPICON_NAME = AppIcon;
				INFOPLIST_FILE = Tabbar/Info.plist;
				LD_RUNPATH_SEARCH_PATHS = "$(inherited) @executable_path/Frameworks";
				PRODUCT_NAME = "$(TARGET_NAME)";
			};
			name = Debug;
		};
		4FFA82F81AC6C2E20064EEE2 /* Release */ = {
			isa = XCBuildConfiguration;
			buildSettings = {
				ASSETCATALOG_COMPILER_APPICON_NAME = AppIcon;
				INFOPLIST_FILE = Tabbar/Info.plist;
				LD_RUNPATH_SEARCH_PATHS = "$(inherited) @executable_path/Frameworks";
				PRODUCT_NAME = "$(TARGET_NAME)";
			};
			name = Release;
		};
		4FFA82FA1AC6C2E20064EEE2 /* Debug */ = {
			isa = XCBuildConfiguration;
			buildSettings = {
				BUNDLE_LOADER = "$(TEST_HOST)";
				FRAMEWORK_SEARCH_PATHS = (
					"$(SDKROOT)/Developer/Library/Frameworks",
					"$(inherited)",
				);
				GCC_PREPROCESSOR_DEFINITIONS = (
					"DEBUG=1",
					"$(inherited)",
				);
				INFOPLIST_FILE = TabbarTests/Info.plist;
				LD_RUNPATH_SEARCH_PATHS = "$(inherited) @executable_path/Frameworks @loader_path/Frameworks";
				PRODUCT_NAME = "$(TARGET_NAME)";
				TEST_HOST = "$(BUILT_PRODUCTS_DIR)/Tabbar.app/Tabbar";
			};
			name = Debug;
		};
		4FFA82FB1AC6C2E20064EEE2 /* Release */ = {
			isa = XCBuildConfiguration;
			buildSettings = {
				BUNDLE_LOADER = "$(TEST_HOST)";
				FRAMEWORK_SEARCH_PATHS = (
					"$(SDKROOT)/Developer/Library/Frameworks",
					"$(inherited)",
				);
				INFOPLIST_FILE = TabbarTests/Info.plist;
				LD_RUNPATH_SEARCH_PATHS = "$(inherited) @executable_path/Frameworks @loader_path/Frameworks";
				PRODUCT_NAME = "$(TARGET_NAME)";
				TEST_HOST = "$(BUILT_PRODUCTS_DIR)/Tabbar.app/Tabbar";
			};
			name = Release;
		};
/* End XCBuildConfiguration section */

/* Begin XCConfigurationList section */
		4FFA82D21AC6C2E20064EEE2 /* Build configuration list for PBXProject "Tabbar" */ = {
			isa = XCConfigurationList;
			buildConfigurations = (
				4FFA82F41AC6C2E20064EEE2 /* Debug */,
				4FFA82F51AC6C2E20064EEE2 /* Release */,
			);
			defaultConfigurationIsVisible = 0;
			defaultConfigurationName = Release;
		};
		4FFA82F61AC6C2E20064EEE2 /* Build configuration list for PBXNativeTarget "Tabbar" */ = {
			isa = XCConfigurationList;
			buildConfigurations = (
				4FFA82F71AC6C2E20064EEE2 /* Debug */,
				4FFA82F81AC6C2E20064EEE2 /* Release */,
			);
			defaultConfigurationIsVisible = 0;
			defaultConfigurationName = Release;
		};
		4FFA82F91AC6C2E20064EEE2 /* Build configuration list for PBXNativeTarget "TabbarTests" */ = {
			isa = XCConfigurationList;
			buildConfigurations = (
				4FFA82FA1AC6C2E20064EEE2 /* Debug */,
				4FFA82FB1AC6C2E20064EEE2 /* Release */,
			);
			defaultConfigurationIsVisible = 0;
			defaultConfigurationName = Release;
		};
/* End XCConfigurationList section */
	};
	rootObject = 4FFA82CF1AC6C2E20064EEE2 /* Project object */;
}
