// !$*UTF8*$!
{
	archiveVersion = 1;
	classes = {
	};
	objectVersion = 46;
	objects = {

/* Begin PBXBuildFile section */
		C5C097BA1A877AC7003787CE /* AppDelegate.swift in Sources */ = {isa = PBXBuildFile; fileRef = C5C097B91A877AC7003787CE /* AppDelegate.swift */; };
		C5C097BC1A877AC7003787CE /* ViewController.swift in Sources */ = {isa = PBXBuildFile; fileRef = C5C097BB1A877AC7003787CE /* ViewController.swift */; };
		C5C097BF1A877AC7003787CE /* Main.storyboard in Resources */ = {isa = PBXBuildFile; fileRef = C5C097BD1A877AC7003787CE /* Main.storyboard */; };
		C5C097C11A877AC7003787CE /* Images.xcassets in Resources */ = {isa = PBXBuildFile; fileRef = C5C097C01A877AC7003787CE /* Images.xcassets */; };
		C5C097C41A877AC7003787CE /* LaunchScreen.xib in Resources */ = {isa = PBXBuildFile; fileRef = C5C097C21A877AC7003787CE /* LaunchScreen.xib */; };
		C5C097D01A877AC7003787CE /* KullaniciGirisiTests.swift in Sources */ = {isa = PBXBuildFile; fileRef = C5C097CF1A877AC7003787CE /* KullaniciGirisiTests.swift */; };
/* End PBXBuildFile section */

/* Begin PBXContainerItemProxy section */
		C5C097CA1A877AC7003787CE /* PBXContainerItemProxy */ = {
			isa = PBXContainerItemProxy;
			containerPortal = C5C097AC1A877AC7003787CE /* Project object */;
			proxyType = 1;
			remoteGlobalIDString = C5C097B31A877AC7003787CE;
			remoteInfo = KullaniciGirisi;
		};
/* End PBXContainerItemProxy section */

/* Begin PBXFileReference section */
		C5C097B41A877AC7003787CE /* KullaniciGirisi.app */ = {isa = PBXFileReference; explicitFileType = wrapper.application; includeInIndex = 0; path = KullaniciGirisi.app; sourceTree = BUILT_PRODUCTS_DIR; };
		C5C097B81A877AC7003787CE /* Info.plist */ = {isa = PBXFileReference; lastKnownFileType = text.plist.xml; path = Info.plist; sourceTree = "<group>"; };
		C5C097B91A877AC7003787CE /* AppDelegate.swift */ = {isa = PBXFileReference; lastKnownFileType = sourcecode.swift; path = AppDelegate.swift; sourceTree = "<group>"; };
		C5C097BB1A877AC7003787CE /* ViewController.swift */ = {isa = PBXFileReference; lastKnownFileType = sourcecode.swift; path = ViewController.swift; sourceTree = "<group>"; };
		C5C097BE1A877AC7003787CE /* Base */ = {isa = PBXFileReference; lastKnownFileType = file.storyboard; name = Base; path = Base.lproj/Main.storyboard; sourceTree = "<group>"; };
		C5C097C01A877AC7003787CE /* Images.xcassets */ = {isa = PBXFileReference; lastKnownFileType = folder.assetcatalog; path = Images.xcassets; sourceTree = "<group>"; };
		C5C097C31A877AC7003787CE /* Base */ = {isa = PBXFileReference; lastKnownFileType = file.xib; name = Base; path = Base.lproj/LaunchScreen.xib; sourceTree = "<group>"; };
		C5C097C91A877AC7003787CE /* KullaniciGirisiTests.xctest */ = {isa = PBXFileReference; explicitFileType = wrapper.cfbundle; includeInIndex = 0; path = KullaniciGirisiTests.xctest; sourceTree = BUILT_PRODUCTS_DIR; };
		C5C097CE1A877AC7003787CE /* Info.plist */ = {isa = PBXFileReference; lastKnownFileType = text.plist.xml; path = Info.plist; sourceTree = "<group>"; };
		C5C097CF1A877AC7003787CE /* KullaniciGirisiTests.swift */ = {isa = PBXFileReference; lastKnownFileType = sourcecode.swift; path = KullaniciGirisiTests.swift; sourceTree = "<group>"; };
/* End PBXFileReference section */

/* Begin PBXFrameworksBuildPhase section */
		C5C097B11A877AC7003787CE /* Frameworks */ = {
			isa = PBXFrameworksBuildPhase;
			buildActionMask = 2147483647;
			files = (
			);
			runOnlyForDeploymentPostprocessing = 0;
		};
		C5C097C61A877AC7003787CE /* Frameworks */ = {
			isa = PBXFrameworksBuildPhase;
			buildActionMask = 2147483647;
			files = (
			);
			runOnlyForDeploymentPostprocessing = 0;
		};
/* End PBXFrameworksBuildPhase section */

/* Begin PBXGroup section */
		C5C097AB1A877AC7003787CE = {
			isa = PBXGroup;
			children = (
				C5C097B61A877AC7003787CE /* KullaniciGirisi */,
				C5C097CC1A877AC7003787CE /* KullaniciGirisiTests */,
				C5C097B51A877AC7003787CE /* Products */,
			);
			sourceTree = "<group>";
		};
		C5C097B51A877AC7003787CE /* Products */ = {
			isa = PBXGroup;
			children = (
				C5C097B41A877AC7003787CE /* KullaniciGirisi.app */,
				C5C097C91A877AC7003787CE /* KullaniciGirisiTests.xctest */,
			);
			name = Products;
			sourceTree = "<group>";
		};
		C5C097B61A877AC7003787CE /* KullaniciGirisi */ = {
			isa = PBXGroup;
			children = (
				C5C097B91A877AC7003787CE /* AppDelegate.swift */,
				C5C097BB1A877AC7003787CE /* ViewController.swift */,
				C5C097BD1A877AC7003787CE /* Main.storyboard */,
				C5C097C01A877AC7003787CE /* Images.xcassets */,
				C5C097C21A877AC7003787CE /* LaunchScreen.xib */,
				C5C097B71A877AC7003787CE /* Supporting Files */,
			);
			path = KullaniciGirisi;
			sourceTree = "<group>";
		};
		C5C097B71A877AC7003787CE /* Supporting Files */ = {
			isa = PBXGroup;
			children = (
				C5C097B81A877AC7003787CE /* Info.plist */,
			);
			name = "Supporting Files";
			sourceTree = "<group>";
		};
		C5C097CC1A877AC7003787CE /* KullaniciGirisiTests */ = {
			isa = PBXGroup;
			children = (
				C5C097CF1A877AC7003787CE /* KullaniciGirisiTests.swift */,
				C5C097CD1A877AC7003787CE /* Supporting Files */,
			);
			path = KullaniciGirisiTests;
			sourceTree = "<group>";
		};
		C5C097CD1A877AC7003787CE /* Supporting Files */ = {
			isa = PBXGroup;
			children = (
				C5C097CE1A877AC7003787CE /* Info.plist */,
			);
			name = "Supporting Files";
			sourceTree = "<group>";
		};
/* End PBXGroup section */

/* Begin PBXNativeTarget section */
		C5C097B31A877AC7003787CE /* KullaniciGirisi */ = {
			isa = PBXNativeTarget;
			buildConfigurationList = C5C097D31A877AC7003787CE /* Build configuration list for PBXNativeTarget "KullaniciGirisi" */;
			buildPhases = (
				C5C097B01A877AC7003787CE /* Sources */,
				C5C097B11A877AC7003787CE /* Frameworks */,
				C5C097B21A877AC7003787CE /* Resources */,
			);
			buildRules = (
			);
			dependencies = (
			);
			name = KullaniciGirisi;
			productName = KullaniciGirisi;
			productReference = C5C097B41A877AC7003787CE /* KullaniciGirisi.app */;
			productType = "com.apple.product-type.application";
		};
		C5C097C81A877AC7003787CE /* KullaniciGirisiTests */ = {
			isa = PBXNativeTarget;
			buildConfigurationList = C5C097D61A877AC7003787CE /* Build configuration list for PBXNativeTarget "KullaniciGirisiTests" */;
			buildPhases = (
				C5C097C51A877AC7003787CE /* Sources */,
				C5C097C61A877AC7003787CE /* Frameworks */,
				C5C097C71A877AC7003787CE /* Resources */,
			);
			buildRules = (
			);
			dependencies = (
				C5C097CB1A877AC7003787CE /* PBXTargetDependency */,
			);
			name = KullaniciGirisiTests;
			productName = KullaniciGirisiTests;
			productReference = C5C097C91A877AC7003787CE /* KullaniciGirisiTests.xctest */;
			productType = "com.apple.product-type.bundle.unit-test";
		};
/* End PBXNativeTarget section */

/* Begin PBXProject section */
		C5C097AC1A877AC7003787CE /* Project object */ = {
			isa = PBXProject;
			attributes = {
				LastUpgradeCheck = 0610;
				ORGANIZATIONNAME = Wissen;
				TargetAttributes = {
					C5C097B31A877AC7003787CE = {
						CreatedOnToolsVersion = 6.1.1;
					};
					C5C097C81A877AC7003787CE = {
						CreatedOnToolsVersion = 6.1.1;
						TestTargetID = C5C097B31A877AC7003787CE;
					};
				};
			};
			buildConfigurationList = C5C097AF1A877AC7003787CE /* Build configuration list for PBXProject "KullaniciGirisi" */;
			compatibilityVersion = "Xcode 3.2";
			developmentRegion = English;
			hasScannedForEncodings = 0;
			knownRegions = (
				en,
				Base,
			);
			mainGroup = C5C097AB1A877AC7003787CE;
			productRefGroup = C5C097B51A877AC7003787CE /* Products */;
			projectDirPath = "";
			projectRoot = "";
			targets = (
				C5C097B31A877AC7003787CE /* KullaniciGirisi */,
				C5C097C81A877AC7003787CE /* KullaniciGirisiTests */,
			);
		};
/* End PBXProject section */

/* Begin PBXResourcesBuildPhase section */
		C5C097B21A877AC7003787CE /* Resources */ = {
			isa = PBXResourcesBuildPhase;
			buildActionMask = 2147483647;
			files = (
				C5C097BF1A877AC7003787CE /* Main.storyboard in Resources */,
				C5C097C41A877AC7003787CE /* LaunchScreen.xib in Resources */,
				C5C097C11A877AC7003787CE /* Images.xcassets in Resources */,
			);
			runOnlyForDeploymentPostprocessing = 0;
		};
		C5C097C71A877AC7003787CE /* Resources */ = {
			isa = PBXResourcesBuildPhase;
			buildActionMask = 2147483647;
			files = (
			);
			runOnlyForDeploymentPostprocessing = 0;
		};
/* End PBXResourcesBuildPhase section */

/* Begin PBXSourcesBuildPhase section */
		C5C097B01A877AC7003787CE /* Sources */ = {
			isa = PBXSourcesBuildPhase;
			buildActionMask = 2147483647;
			files = (
				C5C097BC1A877AC7003787CE /* ViewController.swift in Sources */,
				C5C097BA1A877AC7003787CE /* AppDelegate.swift in Sources */,
			);
			runOnlyForDeploymentPostprocessing = 0;
		};
		C5C097C51A877AC7003787CE /* Sources */ = {
			isa = PBXSourcesBuildPhase;
			buildActionMask = 2147483647;
			files = (
				C5C097D01A877AC7003787CE /* KullaniciGirisiTests.swift in Sources */,
			);
			runOnlyForDeploymentPostprocessing = 0;
		};
/* End PBXSourcesBuildPhase section */

/* Begin PBXTargetDependency section */
		C5C097CB1A877AC7003787CE /* PBXTargetDependency */ = {
			isa = PBXTargetDependency;
			target = C5C097B31A877AC7003787CE /* KullaniciGirisi */;
			targetProxy = C5C097CA1A877AC7003787CE /* PBXContainerItemProxy */;
		};
/* End PBXTargetDependency section */

/* Begin PBXVariantGroup section */
		C5C097BD1A877AC7003787CE /* Main.storyboard */ = {
			isa = PBXVariantGroup;
			children = (
				C5C097BE1A877AC7003787CE /* Base */,
			);
			name = Main.storyboard;
			sourceTree = "<group>";
		};
		C5C097C21A877AC7003787CE /* LaunchScreen.xib */ = {
			isa = PBXVariantGroup;
			children = (
				C5C097C31A877AC7003787CE /* Base */,
			);
			name = LaunchScreen.xib;
			sourceTree = "<group>";
		};
/* End PBXVariantGroup section */

/* Begin XCBuildConfiguration section */
		C5C097D11A877AC7003787CE /* Debug */ = {
			isa = XCBuildConfiguration;
			buildSettings = {
				ALWAYS_SEARCH_USER_PATHS = NO;
				CLANG_CXX_LANGUAGE_STANDARD = "gnu++0x";
				CLANG_CXX_LIBRARY = "libc++";
				CLANG_ENABLE_MODULES = YES;
				CLANG_ENABLE_OBJC_ARC = YES;
				CLANG_WARN_BOOL_CONVERSION = YES;
				CLANG_WARN_CONSTANT_CONVERSION = YES;
				CLANG_WARN_DIRECT_OBJC_ISA_USAGE = YES_ERROR;
				CLANG_WARN_EMPTY_BODY = YES;
				CLANG_WARN_ENUM_CONVERSION = YES;
				CLANG_WARN_INT_CONVERSION = YES;
				CLANG_WARN_OBJC_ROOT_CLASS = YES_ERROR;
				CLANG_WARN_UNREACHABLE_CODE = YES;
				CLANG_WARN__DUPLICATE_METHOD_MATCH = YES;
				"CODE_SIGN_IDENTITY[sdk=iphoneos*]" = "iPhone Developer";
				COPY_PHASE_STRIP = NO;
				ENABLE_STRICT_OBJC_MSGSEND = YES;
				GCC_C_LANGUAGE_STANDARD = gnu99;
				GCC_DYNAMIC_NO_PIC = NO;
				GCC_OPTIMIZATION_LEVEL = 0;
				GCC_PREPROCESSOR_DEFINITIONS = (
					"DEBUG=1",
					"$(inherited)",
				);
				GCC_SYMBOLS_PRIVATE_EXTERN = NO;
				GCC_WARN_64_TO_32_BIT_CONVERSION = YES;
				GCC_WARN_ABOUT_RETURN_TYPE = YES_ERROR;
				GCC_WARN_UNDECLARED_SELECTOR = YES;
				GCC_WARN_UNINITIALIZED_AUTOS = YES_AGGRESSIVE;
				GCC_WARN_UNUSED_FUNCTION = YES;
				GCC_WARN_UNUSED_VARIABLE = YES;
				IPHONEOS_DEPLOYMENT_TARGET = 8.1;
				MTL_ENABLE_DEBUG_INFO = YES;
				ONLY_ACTIVE_ARCH = YES;
				SDKROOT = iphoneos;
				SWIFT_OPTIMIZATION_LEVEL = "-Onone";
			};
			name = Debug;
		};
		C5C097D21A877AC7003787CE /* Release */ = {
			isa = XCBuildConfiguration;
			buildSettings = {
				ALWAYS_SEARCH_USER_PATHS = NO;
				CLANG_CXX_LANGUAGE_STANDARD = "gnu++0x";
				CLANG_CXX_LIBRARY = "libc++";
				CLANG_ENABLE_MODULES = YES;
				CLANG_ENABLE_OBJC_ARC = YES;
				CLANG_WARN_BOOL_CONVERSION = YES;
				CLANG_WARN_CONSTANT_CONVERSION = YES;
				CLANG_WARN_DIRECT_OBJC_ISA_USAGE = YES_ERROR;
				CLANG_WARN_EMPTY_BODY = YES;
				CLANG_WARN_ENUM_CONVERSION = YES;
				CLANG_WARN_INT_CONVERSION = YES;
				CLANG_WARN_OBJC_ROOT_CLASS = YES_ERROR;
				CLANG_WARN_UNREACHABLE_CODE = YES;
				CLANG_WARN__DUPLICATE_METHOD_MATCH = YES;
				"CODE_SIGN_IDENTITY[sdk=iphoneos*]" = "iPhone Developer";
				COPY_PHASE_STRIP = YES;
				ENABLE_NS_ASSERTIONS = NO;
				ENABLE_STRICT_OBJC_MSGSEND = YES;
				GCC_C_LANGUAGE_STANDARD = gnu99;
				GCC_WARN_64_TO_32_BIT_CONVERSION = YES;
				GCC_WARN_ABOUT_RETURN_TYPE = YES_ERROR;
				GCC_WARN_UNDECLARED_SELECTOR = YES;
				GCC_WARN_UNINITIALIZED_AUTOS = YES_AGGRESSIVE;
				GCC_WARN_UNUSED_FUNCTION = YES;
				GCC_WARN_UNUSED_VARIABLE = YES;
				IPHONEOS_DEPLOYMENT_TARGET = 8.1;
				MTL_ENABLE_DEBUG_INFO = NO;
				SDKROOT = iphoneos;
				VALIDATE_PRODUCT = YES;
			};
			name = Release;
		};
		C5C097D41A877AC7003787CE /* Debug */ = {
			isa = XCBuildConfiguration;
			buildSettings = {
				ASSETCATALOG_COMPILER_APPICON_NAME = AppIcon;
				INFOPLIST_FILE = KullaniciGirisi/Info.plist;
				LD_RUNPATH_SEARCH_PATHS = "$(inherited) @executable_path/Frameworks";
				PRODUCT_NAME = "$(TARGET_NAME)";
			};
			name = Debug;
		};
		C5C097D51A877AC7003787CE /* Release */ = {
			isa = XCBuildConfiguration;
			buildSettings = {
				ASSETCATALOG_COMPILER_APPICON_NAME = AppIcon;
				INFOPLIST_FILE = KullaniciGirisi/Info.plist;
				LD_RUNPATH_SEARCH_PATHS = "$(inherited) @executable_path/Frameworks";
				PRODUCT_NAME = "$(TARGET_NAME)";
			};
			name = Release;
		};
		C5C097D71A877AC7003787CE /* Debug */ = {
			isa = XCBuildConfiguration;
			buildSettings = {
				BUNDLE_LOADER = "$(TEST_HOST)";
				FRAMEWORK_SEARCH_PATHS = (
					"$(SDKROOT)/Developer/Library/Frameworks",
					"$(inherited)",
				);
				GCC_PREPROCESSOR_DEFINITIONS = (
					"DEBUG=1",
					"$(inherited)",
				);
				INFOPLIST_FILE = KullaniciGirisiTests/Info.plist;
				LD_RUNPATH_SEARCH_PATHS = "$(inherited) @executable_path/Frameworks @loader_path/Frameworks";
				PRODUCT_NAME = "$(TARGET_NAME)";
				TEST_HOST = "$(BUILT_PRODUCTS_DIR)/KullaniciGirisi.app/KullaniciGirisi";
			};
			name = Debug;
		};
		C5C097D81A877AC7003787CE /* Release */ = {
			isa = XCBuildConfiguration;
			buildSettings = {
				BUNDLE_LOADER = "$(TEST_HOST)";
				FRAMEWORK_SEARCH_PATHS = (
					"$(SDKROOT)/Developer/Library/Frameworks",
					"$(inherited)",
				);
				INFOPLIST_FILE = KullaniciGirisiTests/Info.plist;
				LD_RUNPATH_SEARCH_PATHS = "$(inherited) @executable_path/Frameworks @loader_path/Frameworks";
				PRODUCT_NAME = "$(TARGET_NAME)";
				TEST_HOST = "$(BUILT_PRODUCTS_DIR)/KullaniciGirisi.app/KullaniciGirisi";
			};
			name = Release;
		};
/* End XCBuildConfiguration section */

/* Begin XCConfigurationList section */
		C5C097AF1A877AC7003787CE /* Build configuration list for PBXProject "KullaniciGirisi" */ = {
			isa = XCConfigurationList;
			buildConfigurations = (
				C5C097D11A877AC7003787CE /* Debug */,
				C5C097D21A877AC7003787CE /* Release */,
			);
			defaultConfigurationIsVisible = 0;
			defaultConfigurationName = Release;
		};
		C5C097D31A877AC7003787CE /* Build configuration list for PBXNativeTarget "KullaniciGirisi" */ = {
			isa = XCConfigurationList;
			buildConfigurations = (
				C5C097D41A877AC7003787CE /* Debug */,
				C5C097D51A877AC7003787CE /* Release */,
			);
			defaultConfigurationIsVisible = 0;
		};
		C5C097D61A877AC7003787CE /* Build configuration list for PBXNativeTarget "KullaniciGirisiTests" */ = {
			isa = XCConfigurationList;
			buildConfigurations = (
				C5C097D71A877AC7003787CE /* Debug */,
				C5C097D81A877AC7003787CE /* Release */,
			);
			defaultConfigurationIsVisible = 0;
		};
/* End XCConfigurationList section */
	};
	rootObject = C5C097AC1A877AC7003787CE /* Project object */;
}
